// !$*UTF8*$!
{
	archiveVersion = 1;
	classes = {
	};
	objectVersion = 56;
	objects = {

/* Begin PBXBuildFile section */
		881544B529686C72001BAFA4 /* MarkdownUI in Frameworks */ = {isa = PBXBuildFile; productRef = 881544B429686C72001BAFA4 /* MarkdownUI */; };
		881544BB29691ABF001BAFA4 /* RichText in Frameworks */ = {isa = PBXBuildFile; productRef = 881544BA29691ABF001BAFA4 /* RichText */; };
		8829F5AA296AE65E00BA63A8 /* WidgetKit.framework in Frameworks */ = {isa = PBXBuildFile; fileRef = 8829F5A9296AE65E00BA63A8 /* WidgetKit.framework */; };
		8829F5AC296AE65E00BA63A8 /* SwiftUI.framework in Frameworks */ = {isa = PBXBuildFile; fileRef = 8829F5AB296AE65E00BA63A8 /* SwiftUI.framework */; };
		8829F5AF296AE65E00BA63A8 /* AnnouncementsNumberBundle.swift in Sources */ = {isa = PBXBuildFile; fileRef = 8829F5AE296AE65E00BA63A8 /* AnnouncementsNumberBundle.swift */; };
		8829F5B1296AE65E00BA63A8 /* AnnouncementsNumberLiveActivity.swift in Sources */ = {isa = PBXBuildFile; fileRef = 8829F5B0296AE65E00BA63A8 /* AnnouncementsNumberLiveActivity.swift */; };
		8829F5B3296AE65E00BA63A8 /* AnnouncementsNumber.swift in Sources */ = {isa = PBXBuildFile; fileRef = 8829F5B2296AE65E00BA63A8 /* AnnouncementsNumber.swift */; };
		8829F5B6296AE66100BA63A8 /* Assets.xcassets in Resources */ = {isa = PBXBuildFile; fileRef = 8829F5B5296AE66100BA63A8 /* Assets.xcassets */; };
		8829F5B8296AE66100BA63A8 /* Announcements_Number.intentdefinition in Sources */ = {isa = PBXBuildFile; fileRef = 8829F5B4296AE65E00BA63A8 /* Announcements_Number.intentdefinition */; };
		8829F5B9296AE66100BA63A8 /* Announcements_Number.intentdefinition in Sources */ = {isa = PBXBuildFile; fileRef = 8829F5B4296AE65E00BA63A8 /* Announcements_Number.intentdefinition */; };
		8829F5BC296AE66100BA63A8 /* Announcements_NumberExtension.appex in Embed Foundation Extensions */ = {isa = PBXBuildFile; fileRef = 8829F5A7296AE65D00BA63A8 /* Announcements_NumberExtension.appex */; settings = {ATTRIBUTES = (RemoveHeadersOnCopy, ); }; };
		930EA43B29645AE1007081C8 /* AnnouncerApp.swift in Sources */ = {isa = PBXBuildFile; fileRef = 930EA43A29645AE1007081C8 /* AnnouncerApp.swift */; };
		930EA43D29645AE1007081C8 /* ContentView.swift in Sources */ = {isa = PBXBuildFile; fileRef = 930EA43C29645AE1007081C8 /* ContentView.swift */; };
		930EA43F29645AE2007081C8 /* Assets.xcassets in Resources */ = {isa = PBXBuildFile; fileRef = 930EA43E29645AE2007081C8 /* Assets.xcassets */; };
		930EA44229645AE2007081C8 /* Preview Assets.xcassets in Resources */ = {isa = PBXBuildFile; fileRef = 930EA44129645AE2007081C8 /* Preview Assets.xcassets */; };
		930EA44929645BF4007081C8 /* AnnouncementsHomeView.swift in Sources */ = {isa = PBXBuildFile; fileRef = 930EA44829645BF4007081C8 /* AnnouncementsHomeView.swift */; };
		931B2C672966C46900BBF397 /* EditCategoriesView.swift in Sources */ = {isa = PBXBuildFile; fileRef = 931B2C662966C46900BBF397 /* EditCategoriesView.swift */; };
		931B2C692966C67700BBF397 /* CategoryScrollView.swift in Sources */ = {isa = PBXBuildFile; fileRef = 931B2C682966C67700BBF397 /* CategoryScrollView.swift */; };
		93276E18297A991F00B710AB /* CachePostsView.swift in Sources */ = {isa = PBXBuildFile; fileRef = 93276E17297A991F00B710AB /* CachePostsView.swift */; };
		93436ACA2965B4D600AD3148 /* PostPreviewView.swift in Sources */ = {isa = PBXBuildFile; fileRef = 93436AC92965B4D600AD3148 /* PostPreviewView.swift */; };
		93528DB3296FC23200651404 /* Settings.swift in Sources */ = {isa = PBXBuildFile; fileRef = 93528DB2296FC23200651404 /* Settings.swift */; };
		93528DB6296FC95B00651404 /* ClearStorageView.swift in Sources */ = {isa = PBXBuildFile; fileRef = 93528DB5296FC95B00651404 /* ClearStorageView.swift */; };
		93528DB8296FDE2600651404 /* SettingsManager.swift in Sources */ = {isa = PBXBuildFile; fileRef = 93528DB7296FDE2600651404 /* SettingsManager.swift */; };
		935EAB2C29685987005D2F52 /* FeedKit in Frameworks */ = {isa = PBXBuildFile; productRef = 935EAB2B29685987005D2F52 /* FeedKit */; };
		935EAB3329686B5B005D2F52 /* TimeAndReminder.swift in Sources */ = {isa = PBXBuildFile; fileRef = 935EAB3229686B5B005D2F52 /* TimeAndReminder.swift */; };
		9372FD7929AEF13200B85918 /* DayPickerView.swift in Sources */ = {isa = PBXBuildFile; fileRef = 9372FD7829AEF13200B85918 /* DayPickerView.swift */; };
		93767C8A29AB8798007B2EAD /* Chopper in Frameworks */ = {isa = PBXBuildFile; productRef = 93767C8929AB8798007B2EAD /* Chopper */; };
		93767C9629AB8966007B2EAD /* NavigationSheet.swift in Sources */ = {isa = PBXBuildFile; fileRef = 93767C8E29AB8966007B2EAD /* NavigationSheet.swift */; };
		93767C9729AB8966007B2EAD /* ListTextField.swift in Sources */ = {isa = PBXBuildFile; fileRef = 93767C8F29AB8966007B2EAD /* ListTextField.swift */; };
		93767C9829AB8966007B2EAD /* ImagePicker.swift in Sources */ = {isa = PBXBuildFile; fileRef = 93767C9029AB8966007B2EAD /* ImagePicker.swift */; };
		93767C9929AB8966007B2EAD /* ListText.swift in Sources */ = {isa = PBXBuildFile; fileRef = 93767C9129AB8966007B2EAD /* ListText.swift */; };
		93767C9A29AB8966007B2EAD /* ScheduleVisualiserView.swift in Sources */ = {isa = PBXBuildFile; fileRef = 93767C9329AB8966007B2EAD /* ScheduleVisualiserView.swift */; };
		93767C9B29AB8966007B2EAD /* SubjectVisualiserView.swift in Sources */ = {isa = PBXBuildFile; fileRef = 93767C9429AB8966007B2EAD /* SubjectVisualiserView.swift */; };
		93767C9C29AB8966007B2EAD /* LargeListHeader.swift in Sources */ = {isa = PBXBuildFile; fileRef = 93767C9529AB8966007B2EAD /* LargeListHeader.swift */; };
		93767CAD29AB89A7007B2EAD /* OtherSubjectInstancesView.swift in Sources */ = {isa = PBXBuildFile; fileRef = 93767C9F29AB89A7007B2EAD /* OtherSubjectInstancesView.swift */; };
		93767CAE29AB89A7007B2EAD /* SubjectDisplayView.swift in Sources */ = {isa = PBXBuildFile; fileRef = 93767CA129AB89A7007B2EAD /* SubjectDisplayView.swift */; };
		93767CAF29AB89A7007B2EAD /* ClassesDisplayView.swift in Sources */ = {isa = PBXBuildFile; fileRef = 93767CA229AB89A7007B2EAD /* ClassesDisplayView.swift */; };
		93767CB029AB89A7007B2EAD /* ScheduleDisplayView.swift in Sources */ = {isa = PBXBuildFile; fileRef = 93767CA329AB89A7007B2EAD /* ScheduleDisplayView.swift */; };
		93767CB129AB89A7007B2EAD /* ClassDisplayView.swift in Sources */ = {isa = PBXBuildFile; fileRef = 93767CA429AB89A7007B2EAD /* ClassDisplayView.swift */; };
		93767CB229AB89A7007B2EAD /* ScheduleInformationView.swift in Sources */ = {isa = PBXBuildFile; fileRef = 93767CA529AB89A7007B2EAD /* ScheduleInformationView.swift */; };
		93767CB329AB89A7007B2EAD /* ChangeSubjectView.swift in Sources */ = {isa = PBXBuildFile; fileRef = 93767CA729AB89A7007B2EAD /* ChangeSubjectView.swift */; };
		93767CB429AB89A7007B2EAD /* SubjectSuggestionEditView.swift in Sources */ = {isa = PBXBuildFile; fileRef = 93767CA829AB89A7007B2EAD /* SubjectSuggestionEditView.swift */; };
		93767CB529AB89A7007B2EAD /* ProvideScheduleView.swift in Sources */ = {isa = PBXBuildFile; fileRef = 93767CA929AB89A7007B2EAD /* ProvideScheduleView.swift */; };
		93767CB629AB89A7007B2EAD /* ScheduleSuggestionView.swift in Sources */ = {isa = PBXBuildFile; fileRef = 93767CAA29AB89A7007B2EAD /* ScheduleSuggestionView.swift */; };
		93767CB729AB89A7007B2EAD /* WeekSubjectsView.swift in Sources */ = {isa = PBXBuildFile; fileRef = 93767CAB29AB89A7007B2EAD /* WeekSubjectsView.swift */; };
		93767CB829AB89A7007B2EAD /* SaveScheduleView.swift in Sources */ = {isa = PBXBuildFile; fileRef = 93767CAC29AB89A7007B2EAD /* SaveScheduleView.swift */; };
		93767CBA29AB8A1B007B2EAD /* ScheduleView.swift in Sources */ = {isa = PBXBuildFile; fileRef = 93767CB929AB8A1B007B2EAD /* ScheduleView.swift */; };
		93767CBD29AB8ABB007B2EAD /* Updating in Frameworks */ = {isa = PBXBuildFile; productRef = 93767CBC29AB8ABB007B2EAD /* Updating */; };
		93769336296A842900D94EC3 /* SafariView.swift in Sources */ = {isa = PBXBuildFile; fileRef = 93769335296A842900D94EC3 /* SafariView.swift */; };
		93769339296A8B1900D94EC3 /* AnnouncementDetailView+Resize.swift in Sources */ = {isa = PBXBuildFile; fileRef = 93769338296A8B1900D94EC3 /* AnnouncementDetailView+Resize.swift */; };
		9376933B296A8B5B00D94EC3 /* AnnouncementDetailView+Render.swift in Sources */ = {isa = PBXBuildFile; fileRef = 9376933A296A8B5B00D94EC3 /* AnnouncementDetailView+Render.swift */; };
		9376933D296A8B9700D94EC3 /* AnnouncementDetailView+Components.swift in Sources */ = {isa = PBXBuildFile; fileRef = 9376933C296A8B9700D94EC3 /* AnnouncementDetailView+Components.swift */; };
		9376933F296AC7C000D94EC3 /* README.md in Resources */ = {isa = PBXBuildFile; fileRef = 9376933E296AC7C000D94EC3 /* README.md */; };
		937860242964637800FEA668 /* AnnouncementDetailView.swift in Sources */ = {isa = PBXBuildFile; fileRef = 937860232964637800FEA668 /* AnnouncementDetailView.swift */; };
		937860262964ED5800FEA668 /* EditFilterView.swift in Sources */ = {isa = PBXBuildFile; fileRef = 937860252964ED5800FEA668 /* EditFilterView.swift */; };
		937EBBF5296EA72000722285 /* OrderedCollections in Frameworks */ = {isa = PBXBuildFile; productRef = 937EBBF4296EA72000722285 /* OrderedCollections */; };
		937EBBF7296EAFC700722285 /* ShareSheet.swift in Sources */ = {isa = PBXBuildFile; fileRef = 937EBBF6296EAFC700722285 /* ShareSheet.swift */; };
		93A6C535299A69960062FA57 /* GoogleService-Info.plist in Resources */ = {isa = PBXBuildFile; fileRef = 93A6C534299A69950062FA57 /* GoogleService-Info.plist */; };
		93AF704629698B1400BF18F8 /* HTMLString.swift in Sources */ = {isa = PBXBuildFile; fileRef = 93AF704529698B1400BF18F8 /* HTMLString.swift */; };
		93AF704A29699C6300BF18F8 /* PostPreviewPlaceholderView.swift in Sources */ = {isa = PBXBuildFile; fileRef = 93AF704929699C6300BF18F8 /* PostPreviewPlaceholderView.swift */; };
		93AF704C2969B10B00BF18F8 /* EditReminderDateView.swift in Sources */ = {isa = PBXBuildFile; fileRef = 93AF704B2969B10B00BF18F8 /* EditReminderDateView.swift */; };
		93DA5F4B29B0DEE500CBB655 /* PostManager in Frameworks */ = {isa = PBXBuildFile; productRef = 93DA5F4A29B0DEE500CBB655 /* PostManager */; };
		D386309E2997DA0F006F388D /* FirebaseFunctions in Frameworks */ = {isa = PBXBuildFile; productRef = D386309D2997DA0F006F388D /* FirebaseFunctions */; };
		D38630A02997DA0F006F388D /* FirebaseInAppMessaging-Beta in Frameworks */ = {isa = PBXBuildFile; productRef = D386309F2997DA0F006F388D /* FirebaseInAppMessaging-Beta */; };
		D38630A22997DA0F006F388D /* FirebaseInAppMessagingSwift-Beta in Frameworks */ = {isa = PBXBuildFile; productRef = D38630A12997DA0F006F388D /* FirebaseInAppMessagingSwift-Beta */; };
		D38630A42997DA0F006F388D /* FirebaseMessaging in Frameworks */ = {isa = PBXBuildFile; productRef = D38630A32997DA0F006F388D /* FirebaseMessaging */; };
/* End PBXBuildFile section */

/* Begin PBXContainerItemProxy section */
		8829F5BA296AE66100BA63A8 /* PBXContainerItemProxy */ = {
			isa = PBXContainerItemProxy;
			containerPortal = 930EA42F29645AE1007081C8 /* Project object */;
			proxyType = 1;
			remoteGlobalIDString = 8829F5A6296AE65D00BA63A8;
			remoteInfo = Announcements_NumberExtension;
		};
/* End PBXContainerItemProxy section */

/* Begin PBXCopyFilesBuildPhase section */
		8829F5BD296AE66100BA63A8 /* Embed Foundation Extensions */ = {
			isa = PBXCopyFilesBuildPhase;
			buildActionMask = 2147483647;
			dstPath = "";
			dstSubfolderSpec = 13;
			files = (
				8829F5BC296AE66100BA63A8 /* Announcements_NumberExtension.appex in Embed Foundation Extensions */,
			);
			name = "Embed Foundation Extensions";
			runOnlyForDeploymentPostprocessing = 0;
		};
/* End PBXCopyFilesBuildPhase section */

/* Begin PBXFileReference section */
		8829F5A7296AE65D00BA63A8 /* Announcements_NumberExtension.appex */ = {isa = PBXFileReference; explicitFileType = "wrapper.app-extension"; includeInIndex = 0; path = Announcements_NumberExtension.appex; sourceTree = BUILT_PRODUCTS_DIR; };
		8829F5A9296AE65E00BA63A8 /* WidgetKit.framework */ = {isa = PBXFileReference; lastKnownFileType = wrapper.framework; name = WidgetKit.framework; path = System/Library/Frameworks/WidgetKit.framework; sourceTree = SDKROOT; };
		8829F5AB296AE65E00BA63A8 /* SwiftUI.framework */ = {isa = PBXFileReference; lastKnownFileType = wrapper.framework; name = SwiftUI.framework; path = System/Library/Frameworks/SwiftUI.framework; sourceTree = SDKROOT; };
		8829F5AE296AE65E00BA63A8 /* AnnouncementsNumberBundle.swift */ = {isa = PBXFileReference; lastKnownFileType = sourcecode.swift; path = AnnouncementsNumberBundle.swift; sourceTree = "<group>"; };
		8829F5B0296AE65E00BA63A8 /* AnnouncementsNumberLiveActivity.swift */ = {isa = PBXFileReference; lastKnownFileType = sourcecode.swift; path = AnnouncementsNumberLiveActivity.swift; sourceTree = "<group>"; };
		8829F5B2296AE65E00BA63A8 /* AnnouncementsNumber.swift */ = {isa = PBXFileReference; lastKnownFileType = sourcecode.swift; path = AnnouncementsNumber.swift; sourceTree = "<group>"; };
		8829F5B4296AE65E00BA63A8 /* Announcements_Number.intentdefinition */ = {isa = PBXFileReference; lastKnownFileType = file.intentdefinition; path = Announcements_Number.intentdefinition; sourceTree = "<group>"; };
		8829F5B5296AE66100BA63A8 /* Assets.xcassets */ = {isa = PBXFileReference; lastKnownFileType = folder.assetcatalog; path = Assets.xcassets; sourceTree = "<group>"; };
		8829F5B7296AE66100BA63A8 /* Info.plist */ = {isa = PBXFileReference; lastKnownFileType = text.plist.xml; path = Info.plist; sourceTree = "<group>"; };
		930EA43729645AE1007081C8 /* Announcer.app */ = {isa = PBXFileReference; explicitFileType = wrapper.application; includeInIndex = 0; path = Announcer.app; sourceTree = BUILT_PRODUCTS_DIR; };
		930EA43A29645AE1007081C8 /* AnnouncerApp.swift */ = {isa = PBXFileReference; lastKnownFileType = sourcecode.swift; path = AnnouncerApp.swift; sourceTree = "<group>"; };
		930EA43C29645AE1007081C8 /* ContentView.swift */ = {isa = PBXFileReference; lastKnownFileType = sourcecode.swift; path = ContentView.swift; sourceTree = "<group>"; };
		930EA43E29645AE2007081C8 /* Assets.xcassets */ = {isa = PBXFileReference; lastKnownFileType = folder.assetcatalog; path = Assets.xcassets; sourceTree = "<group>"; };
		930EA44129645AE2007081C8 /* Preview Assets.xcassets */ = {isa = PBXFileReference; lastKnownFileType = folder.assetcatalog; path = "Preview Assets.xcassets"; sourceTree = "<group>"; };
		930EA44829645BF4007081C8 /* AnnouncementsHomeView.swift */ = {isa = PBXFileReference; lastKnownFileType = sourcecode.swift; path = AnnouncementsHomeView.swift; sourceTree = "<group>"; };
		931B2C662966C46900BBF397 /* EditCategoriesView.swift */ = {isa = PBXFileReference; lastKnownFileType = sourcecode.swift; path = EditCategoriesView.swift; sourceTree = "<group>"; };
		931B2C682966C67700BBF397 /* CategoryScrollView.swift */ = {isa = PBXFileReference; lastKnownFileType = sourcecode.swift; path = CategoryScrollView.swift; sourceTree = "<group>"; };
		93276E17297A991F00B710AB /* CachePostsView.swift */ = {isa = PBXFileReference; lastKnownFileType = sourcecode.swift; path = CachePostsView.swift; sourceTree = "<group>"; };
		93436AC92965B4D600AD3148 /* PostPreviewView.swift */ = {isa = PBXFileReference; lastKnownFileType = sourcecode.swift; path = PostPreviewView.swift; sourceTree = "<group>"; };
		93528DB2296FC23200651404 /* Settings.swift */ = {isa = PBXFileReference; lastKnownFileType = sourcecode.swift; path = Settings.swift; sourceTree = "<group>"; };
		93528DB5296FC95B00651404 /* ClearStorageView.swift */ = {isa = PBXFileReference; lastKnownFileType = sourcecode.swift; path = ClearStorageView.swift; sourceTree = "<group>"; };
		93528DB7296FDE2600651404 /* SettingsManager.swift */ = {isa = PBXFileReference; lastKnownFileType = sourcecode.swift; path = SettingsManager.swift; sourceTree = "<group>"; };
		935EAB3129685EBD005D2F52 /* Info.plist */ = {isa = PBXFileReference; lastKnownFileType = text.plist; path = Info.plist; sourceTree = "<group>"; };
		935EAB3229686B5B005D2F52 /* TimeAndReminder.swift */ = {isa = PBXFileReference; lastKnownFileType = sourcecode.swift; path = TimeAndReminder.swift; sourceTree = "<group>"; };
		9372FD7829AEF13200B85918 /* DayPickerView.swift */ = {isa = PBXFileReference; lastKnownFileType = sourcecode.swift; path = DayPickerView.swift; sourceTree = "<group>"; };
		93767C8E29AB8966007B2EAD /* NavigationSheet.swift */ = {isa = PBXFileReference; fileEncoding = 4; lastKnownFileType = sourcecode.swift; path = NavigationSheet.swift; sourceTree = "<group>"; };
		93767C8F29AB8966007B2EAD /* ListTextField.swift */ = {isa = PBXFileReference; fileEncoding = 4; lastKnownFileType = sourcecode.swift; path = ListTextField.swift; sourceTree = "<group>"; };
		93767C9029AB8966007B2EAD /* ImagePicker.swift */ = {isa = PBXFileReference; fileEncoding = 4; lastKnownFileType = sourcecode.swift; path = ImagePicker.swift; sourceTree = "<group>"; };
		93767C9129AB8966007B2EAD /* ListText.swift */ = {isa = PBXFileReference; fileEncoding = 4; lastKnownFileType = sourcecode.swift; path = ListText.swift; sourceTree = "<group>"; };
		93767C9329AB8966007B2EAD /* ScheduleVisualiserView.swift */ = {isa = PBXFileReference; fileEncoding = 4; lastKnownFileType = sourcecode.swift; path = ScheduleVisualiserView.swift; sourceTree = "<group>"; };
		93767C9429AB8966007B2EAD /* SubjectVisualiserView.swift */ = {isa = PBXFileReference; fileEncoding = 4; lastKnownFileType = sourcecode.swift; path = SubjectVisualiserView.swift; sourceTree = "<group>"; };
		93767C9529AB8966007B2EAD /* LargeListHeader.swift */ = {isa = PBXFileReference; fileEncoding = 4; lastKnownFileType = sourcecode.swift; path = LargeListHeader.swift; sourceTree = "<group>"; };
		93767C9F29AB89A7007B2EAD /* OtherSubjectInstancesView.swift */ = {isa = PBXFileReference; fileEncoding = 4; lastKnownFileType = sourcecode.swift; path = OtherSubjectInstancesView.swift; sourceTree = "<group>"; };
		93767CA129AB89A7007B2EAD /* SubjectDisplayView.swift */ = {isa = PBXFileReference; fileEncoding = 4; lastKnownFileType = sourcecode.swift; path = SubjectDisplayView.swift; sourceTree = "<group>"; };
		93767CA229AB89A7007B2EAD /* ClassesDisplayView.swift */ = {isa = PBXFileReference; fileEncoding = 4; lastKnownFileType = sourcecode.swift; path = ClassesDisplayView.swift; sourceTree = "<group>"; };
		93767CA329AB89A7007B2EAD /* ScheduleDisplayView.swift */ = {isa = PBXFileReference; fileEncoding = 4; lastKnownFileType = sourcecode.swift; path = ScheduleDisplayView.swift; sourceTree = "<group>"; };
		93767CA429AB89A7007B2EAD /* ClassDisplayView.swift */ = {isa = PBXFileReference; fileEncoding = 4; lastKnownFileType = sourcecode.swift; path = ClassDisplayView.swift; sourceTree = "<group>"; };
		93767CA529AB89A7007B2EAD /* ScheduleInformationView.swift */ = {isa = PBXFileReference; fileEncoding = 4; lastKnownFileType = sourcecode.swift; path = ScheduleInformationView.swift; sourceTree = "<group>"; };
		93767CA729AB89A7007B2EAD /* ChangeSubjectView.swift */ = {isa = PBXFileReference; fileEncoding = 4; lastKnownFileType = sourcecode.swift; path = ChangeSubjectView.swift; sourceTree = "<group>"; };
		93767CA829AB89A7007B2EAD /* SubjectSuggestionEditView.swift */ = {isa = PBXFileReference; fileEncoding = 4; lastKnownFileType = sourcecode.swift; path = SubjectSuggestionEditView.swift; sourceTree = "<group>"; };
		93767CA929AB89A7007B2EAD /* ProvideScheduleView.swift */ = {isa = PBXFileReference; fileEncoding = 4; lastKnownFileType = sourcecode.swift; path = ProvideScheduleView.swift; sourceTree = "<group>"; };
		93767CAA29AB89A7007B2EAD /* ScheduleSuggestionView.swift */ = {isa = PBXFileReference; fileEncoding = 4; lastKnownFileType = sourcecode.swift; path = ScheduleSuggestionView.swift; sourceTree = "<group>"; };
		93767CAB29AB89A7007B2EAD /* WeekSubjectsView.swift */ = {isa = PBXFileReference; fileEncoding = 4; lastKnownFileType = sourcecode.swift; path = WeekSubjectsView.swift; sourceTree = "<group>"; };
		93767CAC29AB89A7007B2EAD /* SaveScheduleView.swift */ = {isa = PBXFileReference; fileEncoding = 4; lastKnownFileType = sourcecode.swift; path = SaveScheduleView.swift; sourceTree = "<group>"; };
		93767CB929AB8A1B007B2EAD /* ScheduleView.swift */ = {isa = PBXFileReference; lastKnownFileType = sourcecode.swift; path = ScheduleView.swift; sourceTree = "<group>"; };
		93769335296A842900D94EC3 /* SafariView.swift */ = {isa = PBXFileReference; lastKnownFileType = sourcecode.swift; path = SafariView.swift; sourceTree = "<group>"; };
		93769338296A8B1900D94EC3 /* AnnouncementDetailView+Resize.swift */ = {isa = PBXFileReference; lastKnownFileType = sourcecode.swift; path = "AnnouncementDetailView+Resize.swift"; sourceTree = "<group>"; };
		9376933A296A8B5B00D94EC3 /* AnnouncementDetailView+Render.swift */ = {isa = PBXFileReference; lastKnownFileType = sourcecode.swift; path = "AnnouncementDetailView+Render.swift"; sourceTree = "<group>"; };
		9376933C296A8B9700D94EC3 /* AnnouncementDetailView+Components.swift */ = {isa = PBXFileReference; lastKnownFileType = sourcecode.swift; path = "AnnouncementDetailView+Components.swift"; sourceTree = "<group>"; };
		9376933E296AC7C000D94EC3 /* README.md */ = {isa = PBXFileReference; fileEncoding = 4; lastKnownFileType = net.daringfireball.markdown; path = README.md; sourceTree = "<group>"; };
		937860232964637800FEA668 /* AnnouncementDetailView.swift */ = {isa = PBXFileReference; lastKnownFileType = sourcecode.swift; path = AnnouncementDetailView.swift; sourceTree = "<group>"; };
		937860252964ED5800FEA668 /* EditFilterView.swift */ = {isa = PBXFileReference; lastKnownFileType = sourcecode.swift; path = EditFilterView.swift; sourceTree = "<group>"; };
		937EBBF6296EAFC700722285 /* ShareSheet.swift */ = {isa = PBXFileReference; lastKnownFileType = sourcecode.swift; path = ShareSheet.swift; sourceTree = "<group>"; };
		939558AE29AB87670088B712 /* Chopper */ = {isa = PBXFileReference; lastKnownFileType = wrapper; path = Chopper; sourceTree = "<group>"; };
		93A6C534299A69950062FA57 /* GoogleService-Info.plist */ = {isa = PBXFileReference; fileEncoding = 4; lastKnownFileType = text.plist.xml; path = "GoogleService-Info.plist"; sourceTree = "<group>"; };
		93AF704529698B1400BF18F8 /* HTMLString.swift */ = {isa = PBXFileReference; lastKnownFileType = sourcecode.swift; path = HTMLString.swift; sourceTree = "<group>"; };
		93AF704929699C6300BF18F8 /* PostPreviewPlaceholderView.swift */ = {isa = PBXFileReference; lastKnownFileType = sourcecode.swift; path = PostPreviewPlaceholderView.swift; sourceTree = "<group>"; };
		93AF704B2969B10B00BF18F8 /* EditReminderDateView.swift */ = {isa = PBXFileReference; lastKnownFileType = sourcecode.swift; path = EditReminderDateView.swift; sourceTree = "<group>"; };
		93BFD7F0297FA8D3008C2A21 /* Announcer.entitlements */ = {isa = PBXFileReference; lastKnownFileType = text.plist.entitlements; path = Announcer.entitlements; sourceTree = "<group>"; };
		93F5CD37299A2F17002C6FA4 /* PostManager */ = {isa = PBXFileReference; lastKnownFileType = wrapper; path = PostManager; sourceTree = "<group>"; };
/* End PBXFileReference section */

/* Begin PBXFrameworksBuildPhase section */
		8829F5A4296AE65D00BA63A8 /* Frameworks */ = {
			isa = PBXFrameworksBuildPhase;
			buildActionMask = 2147483647;
			files = (
				8829F5AC296AE65E00BA63A8 /* SwiftUI.framework in Frameworks */,
				8829F5AA296AE65E00BA63A8 /* WidgetKit.framework in Frameworks */,
			);
			runOnlyForDeploymentPostprocessing = 0;
		};
		930EA43429645AE1007081C8 /* Frameworks */ = {
			isa = PBXFrameworksBuildPhase;
			buildActionMask = 2147483647;
			files = (
				93DA5F4B29B0DEE500CBB655 /* PostManager in Frameworks */,
				D38630A42997DA0F006F388D /* FirebaseMessaging in Frameworks */,
				935EAB2C29685987005D2F52 /* FeedKit in Frameworks */,
				881544BB29691ABF001BAFA4 /* RichText in Frameworks */,
				D38630A22997DA0F006F388D /* FirebaseInAppMessagingSwift-Beta in Frameworks */,
				D386309E2997DA0F006F388D /* FirebaseFunctions in Frameworks */,
				937EBBF5296EA72000722285 /* OrderedCollections in Frameworks */,
				881544B529686C72001BAFA4 /* MarkdownUI in Frameworks */,
				93767C8A29AB8798007B2EAD /* Chopper in Frameworks */,
				D38630A02997DA0F006F388D /* FirebaseInAppMessaging-Beta in Frameworks */,
				93767CBD29AB8ABB007B2EAD /* Updating in Frameworks */,
			);
			runOnlyForDeploymentPostprocessing = 0;
		};
/* End PBXFrameworksBuildPhase section */

/* Begin PBXGroup section */
		8829F5A8296AE65E00BA63A8 /* Frameworks */ = {
			isa = PBXGroup;
			children = (
				8829F5A9296AE65E00BA63A8 /* WidgetKit.framework */,
				8829F5AB296AE65E00BA63A8 /* SwiftUI.framework */,
			);
			name = Frameworks;
			sourceTree = "<group>";
		};
		8829F5AD296AE65E00BA63A8 /* Announcements_Number */ = {
			isa = PBXGroup;
			children = (
				8829F5AE296AE65E00BA63A8 /* AnnouncementsNumberBundle.swift */,
				8829F5B0296AE65E00BA63A8 /* AnnouncementsNumberLiveActivity.swift */,
				8829F5B2296AE65E00BA63A8 /* AnnouncementsNumber.swift */,
				8829F5B4296AE65E00BA63A8 /* Announcements_Number.intentdefinition */,
				8829F5B5296AE66100BA63A8 /* Assets.xcassets */,
				8829F5B7296AE66100BA63A8 /* Info.plist */,
			);
			path = Announcements_Number;
			sourceTree = "<group>";
		};
		930EA42E29645AE1007081C8 = {
			isa = PBXGroup;
			children = (
				939558AE29AB87670088B712 /* Chopper */,
				93F5CD37299A2F17002C6FA4 /* PostManager */,
				9376933E296AC7C000D94EC3 /* README.md */,
				93A6C534299A69950062FA57 /* GoogleService-Info.plist */,
				930EA43929645AE1007081C8 /* Announcer */,
				8829F5AD296AE65E00BA63A8 /* Announcements_Number */,
				8829F5A8296AE65E00BA63A8 /* Frameworks */,
				930EA43829645AE1007081C8 /* Products */,
			);
			sourceTree = "<group>";
		};
		930EA43829645AE1007081C8 /* Products */ = {
			isa = PBXGroup;
			children = (
				930EA43729645AE1007081C8 /* Announcer.app */,
				8829F5A7296AE65D00BA63A8 /* Announcements_NumberExtension.appex */,
			);
			name = Products;
			sourceTree = "<group>";
		};
		930EA43929645AE1007081C8 /* Announcer */ = {
			isa = PBXGroup;
			children = (
				93BFD7F0297FA8D3008C2A21 /* Announcer.entitlements */,
				935EAB3129685EBD005D2F52 /* Info.plist */,
				937860222964626D00FEA668 /* Utils */,
				930EA44C29645CD8007081C8 /* Data */,
				931B2C6A2966C89700BBF397 /* Application */,
				931B2C6E2966C8FF00BBF397 /* UI */,
				930EA43E29645AE2007081C8 /* Assets.xcassets */,
				930EA44029645AE2007081C8 /* Preview Content */,
			);
			path = Announcer;
			sourceTree = "<group>";
		};
		930EA44029645AE2007081C8 /* Preview Content */ = {
			isa = PBXGroup;
			children = (
				930EA44129645AE2007081C8 /* Preview Assets.xcassets */,
			);
			path = "Preview Content";
			sourceTree = "<group>";
		};
		930EA44C29645CD8007081C8 /* Data */ = {
			isa = PBXGroup;
			children = (
				93528DB7296FDE2600651404 /* SettingsManager.swift */,
			);
			path = Data;
			sourceTree = "<group>";
		};
		931B2C6A2966C89700BBF397 /* Application */ = {
			isa = PBXGroup;
			children = (
				930EA43A29645AE1007081C8 /* AnnouncerApp.swift */,
				930EA43C29645AE1007081C8 /* ContentView.swift */,
			);
			path = Application;
			sourceTree = "<group>";
		};
		931B2C6B2966C8B100BBF397 /* Pages */ = {
			isa = PBXGroup;
			children = (
				93767C8C29AB8942007B2EAD /* Announcements */,
				93767C8B29AB8934007B2EAD /* Schedule */,
				93528DB4296FC94900651404 /* Settings */,
			);
			path = Pages;
			sourceTree = "<group>";
		};
		931B2C6C2966C8E800BBF397 /* Components */ = {
			isa = PBXGroup;
			children = (
				93767C8D29AB8966007B2EAD /* Schedule */,
				93767C9529AB8966007B2EAD /* LargeListHeader.swift */,
				93436AC92965B4D600AD3148 /* PostPreviewView.swift */,
				93AF704929699C6300BF18F8 /* PostPreviewPlaceholderView.swift */,
				931B2C682966C67700BBF397 /* CategoryScrollView.swift */,
				935EAB3229686B5B005D2F52 /* TimeAndReminder.swift */,
			);
			path = Components;
			sourceTree = "<group>";
		};
		931B2C6D2966C8F000BBF397 /* Sheets */ = {
			isa = PBXGroup;
			children = (
				937860252964ED5800FEA668 /* EditFilterView.swift */,
				931B2C662966C46900BBF397 /* EditCategoriesView.swift */,
				93AF704B2969B10B00BF18F8 /* EditReminderDateView.swift */,
				937EBBF6296EAFC700722285 /* ShareSheet.swift */,
			);
			path = Sheets;
			sourceTree = "<group>";
		};
		931B2C6E2966C8FF00BBF397 /* UI */ = {
			isa = PBXGroup;
			children = (
				931B2C6B2966C8B100BBF397 /* Pages */,
				931B2C6D2966C8F000BBF397 /* Sheets */,
				931B2C6C2966C8E800BBF397 /* Components */,
			);
			path = UI;
			sourceTree = "<group>";
		};
		93528DB4296FC94900651404 /* Settings */ = {
			isa = PBXGroup;
			children = (
				93528DB2296FC23200651404 /* Settings.swift */,
				93528DB5296FC95B00651404 /* ClearStorageView.swift */,
				93276E17297A991F00B710AB /* CachePostsView.swift */,
			);
			path = Settings;
			sourceTree = "<group>";
		};
		93767C8B29AB8934007B2EAD /* Schedule */ = {
			isa = PBXGroup;
			children = (
				93767CB929AB8A1B007B2EAD /* ScheduleView.swift */,
				93767CA629AB89A7007B2EAD /* Adding */,
				93767C9E29AB89A7007B2EAD /* Displaying */,
			);
			path = Schedule;
			sourceTree = "<group>";
		};
		93767C8C29AB8942007B2EAD /* Announcements */ = {
			isa = PBXGroup;
			children = (
				93769337296A8B0800D94EC3 /* AnnouncementDetailView */,
				930EA44829645BF4007081C8 /* AnnouncementsHomeView.swift */,
				93769335296A842900D94EC3 /* SafariView.swift */,
			);
			path = Announcements;
			sourceTree = "<group>";
		};
		93767C8D29AB8966007B2EAD /* Schedule */ = {
			isa = PBXGroup;
			children = (
				93767C9D29AB897D007B2EAD /* List */,
				93767C9229AB8966007B2EAD /* Visualiser */,
				93767C8E29AB8966007B2EAD /* NavigationSheet.swift */,
				93767C9029AB8966007B2EAD /* ImagePicker.swift */,
				9372FD7829AEF13200B85918 /* DayPickerView.swift */,
			);
			path = Schedule;
			sourceTree = "<group>";
		};
		93767C9229AB8966007B2EAD /* Visualiser */ = {
			isa = PBXGroup;
			children = (
				93767C9329AB8966007B2EAD /* ScheduleVisualiserView.swift */,
				93767C9429AB8966007B2EAD /* SubjectVisualiserView.swift */,
			);
			path = Visualiser;
			sourceTree = "<group>";
		};
		93767C9D29AB897D007B2EAD /* List */ = {
			isa = PBXGroup;
			children = (
				93767C8F29AB8966007B2EAD /* ListTextField.swift */,
				93767C9129AB8966007B2EAD /* ListText.swift */,
			);
			path = List;
			sourceTree = "<group>";
		};
		93767C9E29AB89A7007B2EAD /* Displaying */ = {
			isa = PBXGroup;
			children = (
				93767CA029AB89A7007B2EAD /* DisplayViews */,
				93767C9F29AB89A7007B2EAD /* OtherSubjectInstancesView.swift */,
				93767CA529AB89A7007B2EAD /* ScheduleInformationView.swift */,
			);
			path = Displaying;
			sourceTree = "<group>";
		};
		93767CA029AB89A7007B2EAD /* DisplayViews */ = {
			isa = PBXGroup;
			children = (
				93767CA129AB89A7007B2EAD /* SubjectDisplayView.swift */,
				93767CA229AB89A7007B2EAD /* ClassesDisplayView.swift */,
				93767CA329AB89A7007B2EAD /* ScheduleDisplayView.swift */,
				93767CA429AB89A7007B2EAD /* ClassDisplayView.swift */,
			);
			path = DisplayViews;
			sourceTree = "<group>";
		};
		93767CA629AB89A7007B2EAD /* Adding */ = {
			isa = PBXGroup;
			children = (
				93767CA929AB89A7007B2EAD /* ProvideScheduleView.swift */,
				93767CAA29AB89A7007B2EAD /* ScheduleSuggestionView.swift */,
				93767CAB29AB89A7007B2EAD /* WeekSubjectsView.swift */,
				93767CA829AB89A7007B2EAD /* SubjectSuggestionEditView.swift */,
				93767CA729AB89A7007B2EAD /* ChangeSubjectView.swift */,
				93767CAC29AB89A7007B2EAD /* SaveScheduleView.swift */,
			);
			path = Adding;
			sourceTree = "<group>";
		};
		93769337296A8B0800D94EC3 /* AnnouncementDetailView */ = {
			isa = PBXGroup;
			children = (
				937860232964637800FEA668 /* AnnouncementDetailView.swift */,
				93769338296A8B1900D94EC3 /* AnnouncementDetailView+Resize.swift */,
				9376933A296A8B5B00D94EC3 /* AnnouncementDetailView+Render.swift */,
				9376933C296A8B9700D94EC3 /* AnnouncementDetailView+Components.swift */,
			);
			path = AnnouncementDetailView;
			sourceTree = "<group>";
		};
		937860222964626D00FEA668 /* Utils */ = {
			isa = PBXGroup;
			children = (
				93AF704529698B1400BF18F8 /* HTMLString.swift */,
			);
			path = Utils;
			sourceTree = "<group>";
		};
/* End PBXGroup section */

/* Begin PBXNativeTarget section */
		8829F5A6296AE65D00BA63A8 /* Announcements_NumberExtension */ = {
			isa = PBXNativeTarget;
			buildConfigurationList = 8829F5C0296AE66100BA63A8 /* Build configuration list for PBXNativeTarget "Announcements_NumberExtension" */;
			buildPhases = (
				8829F5A3296AE65D00BA63A8 /* Sources */,
				8829F5A4296AE65D00BA63A8 /* Frameworks */,
				8829F5A5296AE65D00BA63A8 /* Resources */,
			);
			buildRules = (
			);
			dependencies = (
			);
			name = Announcements_NumberExtension;
			productName = Announcements_NumberExtension;
			productReference = 8829F5A7296AE65D00BA63A8 /* Announcements_NumberExtension.appex */;
			productType = "com.apple.product-type.app-extension";
		};
		930EA43629645AE1007081C8 /* Announcer */ = {
			isa = PBXNativeTarget;
			buildConfigurationList = 930EA44529645AE2007081C8 /* Build configuration list for PBXNativeTarget "Announcer" */;
			buildPhases = (
				93786014296461FE00FEA668 /* Run SwiftLint */,
				930EA43329645AE1007081C8 /* Sources */,
				930EA43429645AE1007081C8 /* Frameworks */,
				930EA43529645AE1007081C8 /* Resources */,
				8829F5BD296AE66100BA63A8 /* Embed Foundation Extensions */,
			);
			buildRules = (
			);
			dependencies = (
				8829F5BB296AE66100BA63A8 /* PBXTargetDependency */,
			);
			name = Announcer;
			packageProductDependencies = (
				935EAB2B29685987005D2F52 /* FeedKit */,
				881544B429686C72001BAFA4 /* MarkdownUI */,
				881544BA29691ABF001BAFA4 /* RichText */,
				937EBBF4296EA72000722285 /* OrderedCollections */,
				D386309D2997DA0F006F388D /* FirebaseFunctions */,
				D386309F2997DA0F006F388D /* FirebaseInAppMessaging-Beta */,
				D38630A12997DA0F006F388D /* FirebaseInAppMessagingSwift-Beta */,
				D38630A32997DA0F006F388D /* FirebaseMessaging */,
				93767C8929AB8798007B2EAD /* Chopper */,
				93767CBC29AB8ABB007B2EAD /* Updating */,
				93DA5F4A29B0DEE500CBB655 /* PostManager */,
			);
			productName = Announcer;
			productReference = 930EA43729645AE1007081C8 /* Announcer.app */;
			productType = "com.apple.product-type.application";
		};
/* End PBXNativeTarget section */

/* Begin PBXProject section */
		930EA42F29645AE1007081C8 /* Project object */ = {
			isa = PBXProject;
			attributes = {
				BuildIndependentTargetsInParallel = 1;
				LastSwiftUpdateCheck = 1420;
				LastUpgradeCheck = 1410;
				TargetAttributes = {
					8829F5A6296AE65D00BA63A8 = {
						CreatedOnToolsVersion = 14.2;
					};
					930EA43629645AE1007081C8 = {
						CreatedOnToolsVersion = 14.1;
					};
				};
			};
			buildConfigurationList = 930EA43229645AE1007081C8 /* Build configuration list for PBXProject "Announcer" */;
			compatibilityVersion = "Xcode 14.0";
			developmentRegion = en;
			hasScannedForEncodings = 0;
			knownRegions = (
				en,
				Base,
			);
			mainGroup = 930EA42E29645AE1007081C8;
			packageReferences = (
				935EAB2A29685987005D2F52 /* XCRemoteSwiftPackageReference "FeedKit" */,
				881544B329686C72001BAFA4 /* XCRemoteSwiftPackageReference "MarkdownUI" */,
				881544B929691ABF001BAFA4 /* XCRemoteSwiftPackageReference "RichText" */,
				937EBBF3296EA72000722285 /* XCRemoteSwiftPackageReference "swift-collections" */,
				D386309C2997DA0E006F388D /* XCRemoteSwiftPackageReference "firebase-ios-sdk" */,
				93767CBB29AB8ABB007B2EAD /* XCRemoteSwiftPackageReference "UpdatedSwiftUI" */,
			);
			productRefGroup = 930EA43829645AE1007081C8 /* Products */;
			projectDirPath = "";
			projectRoot = "";
			targets = (
				930EA43629645AE1007081C8 /* Announcer */,
				8829F5A6296AE65D00BA63A8 /* Announcements_NumberExtension */,
			);
		};
/* End PBXProject section */

/* Begin PBXResourcesBuildPhase section */
		8829F5A5296AE65D00BA63A8 /* Resources */ = {
			isa = PBXResourcesBuildPhase;
			buildActionMask = 2147483647;
			files = (
				8829F5B6296AE66100BA63A8 /* Assets.xcassets in Resources */,
			);
			runOnlyForDeploymentPostprocessing = 0;
		};
		930EA43529645AE1007081C8 /* Resources */ = {
			isa = PBXResourcesBuildPhase;
			buildActionMask = 2147483647;
			files = (
				930EA44229645AE2007081C8 /* Preview Assets.xcassets in Resources */,
				93A6C535299A69960062FA57 /* GoogleService-Info.plist in Resources */,
				9376933F296AC7C000D94EC3 /* README.md in Resources */,
				930EA43F29645AE2007081C8 /* Assets.xcassets in Resources */,
			);
			runOnlyForDeploymentPostprocessing = 0;
		};
/* End PBXResourcesBuildPhase section */

/* Begin PBXShellScriptBuildPhase section */
		93786014296461FE00FEA668 /* Run SwiftLint */ = {
			isa = PBXShellScriptBuildPhase;
			alwaysOutOfDate = 1;
			buildActionMask = 2147483647;
			files = (
			);
			inputFileListPaths = (
			);
			inputPaths = (
			);
			name = "Run SwiftLint";
			outputFileListPaths = (
			);
			outputPaths = (
			);
			runOnlyForDeploymentPostprocessing = 0;
			shellPath = /bin/sh;
			shellScript = "export PATH=\"$PATH:/opt/homebrew/bin\"\nif which swiftlint >/dev/null; then\n  swiftlint --strict\nelse\n echo \"warning: SwiftLint not installed, download from https://github.com/realm/SwiftLint\"\nfi\n";
		};
/* End PBXShellScriptBuildPhase section */

/* Begin PBXSourcesBuildPhase section */
		8829F5A3296AE65D00BA63A8 /* Sources */ = {
			isa = PBXSourcesBuildPhase;
			buildActionMask = 2147483647;
			files = (
				8829F5B8296AE66100BA63A8 /* Announcements_Number.intentdefinition in Sources */,
				8829F5B1296AE65E00BA63A8 /* AnnouncementsNumberLiveActivity.swift in Sources */,
				8829F5B3296AE65E00BA63A8 /* AnnouncementsNumber.swift in Sources */,
				8829F5AF296AE65E00BA63A8 /* AnnouncementsNumberBundle.swift in Sources */,
			);
			runOnlyForDeploymentPostprocessing = 0;
		};
		930EA43329645AE1007081C8 /* Sources */ = {
			isa = PBXSourcesBuildPhase;
			buildActionMask = 2147483647;
			files = (
				93528DB6296FC95B00651404 /* ClearStorageView.swift in Sources */,
				937860242964637800FEA668 /* AnnouncementDetailView.swift in Sources */,
				93767C9829AB8966007B2EAD /* ImagePicker.swift in Sources */,
				930EA44929645BF4007081C8 /* AnnouncementsHomeView.swift in Sources */,
				93767C9B29AB8966007B2EAD /* SubjectVisualiserView.swift in Sources */,
				93767CAD29AB89A7007B2EAD /* OtherSubjectInstancesView.swift in Sources */,
				93767C9729AB8966007B2EAD /* ListTextField.swift in Sources */,
				930EA43D29645AE1007081C8 /* ContentView.swift in Sources */,
				8829F5B9296AE66100BA63A8 /* Announcements_Number.intentdefinition in Sources */,
				93769336296A842900D94EC3 /* SafariView.swift in Sources */,
				93769339296A8B1900D94EC3 /* AnnouncementDetailView+Resize.swift in Sources */,
				93767CB429AB89A7007B2EAD /* SubjectSuggestionEditView.swift in Sources */,
				93767C9A29AB8966007B2EAD /* ScheduleVisualiserView.swift in Sources */,
				93767C9629AB8966007B2EAD /* NavigationSheet.swift in Sources */,
				931B2C692966C67700BBF397 /* CategoryScrollView.swift in Sources */,
				937EBBF7296EAFC700722285 /* ShareSheet.swift in Sources */,
				93767CB329AB89A7007B2EAD /* ChangeSubjectView.swift in Sources */,
				9372FD7929AEF13200B85918 /* DayPickerView.swift in Sources */,
				93767CBA29AB8A1B007B2EAD /* ScheduleView.swift in Sources */,
				93AF704629698B1400BF18F8 /* HTMLString.swift in Sources */,
				935EAB3329686B5B005D2F52 /* TimeAndReminder.swift in Sources */,
				930EA43B29645AE1007081C8 /* AnnouncerApp.swift in Sources */,
				93767CAF29AB89A7007B2EAD /* ClassesDisplayView.swift in Sources */,
				93767CAE29AB89A7007B2EAD /* SubjectDisplayView.swift in Sources */,
				93767CB629AB89A7007B2EAD /* ScheduleSuggestionView.swift in Sources */,
				93767C9C29AB8966007B2EAD /* LargeListHeader.swift in Sources */,
				93767CB529AB89A7007B2EAD /* ProvideScheduleView.swift in Sources */,
				93AF704C2969B10B00BF18F8 /* EditReminderDateView.swift in Sources */,
				9376933D296A8B9700D94EC3 /* AnnouncementDetailView+Components.swift in Sources */,
				93767CB029AB89A7007B2EAD /* ScheduleDisplayView.swift in Sources */,
				93436ACA2965B4D600AD3148 /* PostPreviewView.swift in Sources */,
				93767C9929AB8966007B2EAD /* ListText.swift in Sources */,
				931B2C672966C46900BBF397 /* EditCategoriesView.swift in Sources */,
				937860262964ED5800FEA668 /* EditFilterView.swift in Sources */,
				93AF704A29699C6300BF18F8 /* PostPreviewPlaceholderView.swift in Sources */,
				93528DB3296FC23200651404 /* Settings.swift in Sources */,
				9376933B296A8B5B00D94EC3 /* AnnouncementDetailView+Render.swift in Sources */,
				93767CB729AB89A7007B2EAD /* WeekSubjectsView.swift in Sources */,
				93528DB8296FDE2600651404 /* SettingsManager.swift in Sources */,
				93767CB229AB89A7007B2EAD /* ScheduleInformationView.swift in Sources */,
				93767CB129AB89A7007B2EAD /* ClassDisplayView.swift in Sources */,
				93767CB829AB89A7007B2EAD /* SaveScheduleView.swift in Sources */,
				93276E18297A991F00B710AB /* CachePostsView.swift in Sources */,
			);
			runOnlyForDeploymentPostprocessing = 0;
		};
/* End PBXSourcesBuildPhase section */

/* Begin PBXTargetDependency section */
		8829F5BB296AE66100BA63A8 /* PBXTargetDependency */ = {
			isa = PBXTargetDependency;
			target = 8829F5A6296AE65D00BA63A8 /* Announcements_NumberExtension */;
			targetProxy = 8829F5BA296AE66100BA63A8 /* PBXContainerItemProxy */;
		};
/* End PBXTargetDependency section */

/* Begin XCBuildConfiguration section */
		8829F5BE296AE66100BA63A8 /* Debug */ = {
			isa = XCBuildConfiguration;
			buildSettings = {
				ASSETCATALOG_COMPILER_GLOBAL_ACCENT_COLOR_NAME = AccentColor;
				ASSETCATALOG_COMPILER_WIDGET_BACKGROUND_COLOR_NAME = WidgetBackground;
				CODE_SIGN_IDENTITY = "Apple Development";
				CODE_SIGN_STYLE = Automatic;
				CURRENT_PROJECT_VERSION = 1;
				DEVELOPMENT_TEAM = N9ANZ94TFN;
				GENERATE_INFOPLIST_FILE = YES;
				INFOPLIST_FILE = Announcements_Number/Info.plist;
				INFOPLIST_KEY_CFBundleDisplayName = Announcements_Number;
				INFOPLIST_KEY_NSHumanReadableCopyright = "";
				IPHONEOS_DEPLOYMENT_TARGET = 16.1;
				LD_RUNPATH_SEARCH_PATHS = (
					"$(inherited)",
					"@executable_path/Frameworks",
					"@executable_path/../../Frameworks",
				);
				MARKETING_VERSION = 1.0;
				PRODUCT_BUNDLE_IDENTIFIER = "com.kaitay.Announcer.SwiftUI.Announcements-Number";
				PRODUCT_NAME = "$(TARGET_NAME)";
				PROVISIONING_PROFILE_SPECIFIER = "";
				SKIP_INSTALL = YES;
				SWIFT_EMIT_LOC_STRINGS = YES;
				SWIFT_VERSION = 5.0;
				TARGETED_DEVICE_FAMILY = "1,2";
			};
			name = Debug;
		};
		8829F5BF296AE66100BA63A8 /* Release */ = {
			isa = XCBuildConfiguration;
			buildSettings = {
				ASSETCATALOG_COMPILER_GLOBAL_ACCENT_COLOR_NAME = AccentColor;
				ASSETCATALOG_COMPILER_WIDGET_BACKGROUND_COLOR_NAME = WidgetBackground;
				CODE_SIGN_IDENTITY = "Apple Development";
				CODE_SIGN_STYLE = Automatic;
				CURRENT_PROJECT_VERSION = 1;
				DEVELOPMENT_TEAM = N9ANZ94TFN;
				GENERATE_INFOPLIST_FILE = YES;
				INFOPLIST_FILE = Announcements_Number/Info.plist;
				INFOPLIST_KEY_CFBundleDisplayName = Announcements_Number;
				INFOPLIST_KEY_NSHumanReadableCopyright = "";
				IPHONEOS_DEPLOYMENT_TARGET = 16.1;
				LD_RUNPATH_SEARCH_PATHS = (
					"$(inherited)",
					"@executable_path/Frameworks",
					"@executable_path/../../Frameworks",
				);
				MARKETING_VERSION = 1.0;
				PRODUCT_BUNDLE_IDENTIFIER = "com.kaitay.Announcer.SwiftUI.Announcements-Number";
				PRODUCT_NAME = "$(TARGET_NAME)";
				PROVISIONING_PROFILE_SPECIFIER = "";
				SKIP_INSTALL = YES;
				SWIFT_EMIT_LOC_STRINGS = YES;
				SWIFT_VERSION = 5.0;
				TARGETED_DEVICE_FAMILY = "1,2";
			};
			name = Release;
		};
		930EA44329645AE2007081C8 /* Debug */ = {
			isa = XCBuildConfiguration;
			buildSettings = {
				ALWAYS_SEARCH_USER_PATHS = NO;
				CLANG_ANALYZER_NONNULL = YES;
				CLANG_ANALYZER_NUMBER_OBJECT_CONVERSION = YES_AGGRESSIVE;
				CLANG_CXX_LANGUAGE_STANDARD = "gnu++20";
				CLANG_ENABLE_MODULES = YES;
				CLANG_ENABLE_OBJC_ARC = YES;
				CLANG_ENABLE_OBJC_WEAK = YES;
				CLANG_WARN_BLOCK_CAPTURE_AUTORELEASING = YES;
				CLANG_WARN_BOOL_CONVERSION = YES;
				CLANG_WARN_COMMA = YES;
				CLANG_WARN_CONSTANT_CONVERSION = YES;
				CLANG_WARN_DEPRECATED_OBJC_IMPLEMENTATIONS = YES;
				CLANG_WARN_DIRECT_OBJC_ISA_USAGE = YES_ERROR;
				CLANG_WARN_DOCUMENTATION_COMMENTS = YES;
				CLANG_WARN_EMPTY_BODY = YES;
				CLANG_WARN_ENUM_CONVERSION = YES;
				CLANG_WARN_INFINITE_RECURSION = YES;
				CLANG_WARN_INT_CONVERSION = YES;
				CLANG_WARN_NON_LITERAL_NULL_CONVERSION = YES;
				CLANG_WARN_OBJC_IMPLICIT_RETAIN_SELF = YES;
				CLANG_WARN_OBJC_LITERAL_CONVERSION = YES;
				CLANG_WARN_OBJC_ROOT_CLASS = YES_ERROR;
				CLANG_WARN_QUOTED_INCLUDE_IN_FRAMEWORK_HEADER = YES;
				CLANG_WARN_RANGE_LOOP_ANALYSIS = YES;
				CLANG_WARN_STRICT_PROTOTYPES = YES;
				CLANG_WARN_SUSPICIOUS_MOVE = YES;
				CLANG_WARN_UNGUARDED_AVAILABILITY = YES_AGGRESSIVE;
				CLANG_WARN_UNREACHABLE_CODE = YES;
				CLANG_WARN__DUPLICATE_METHOD_MATCH = YES;
				COPY_PHASE_STRIP = NO;
				DEBUG_INFORMATION_FORMAT = dwarf;
				ENABLE_STRICT_OBJC_MSGSEND = YES;
				ENABLE_TESTABILITY = YES;
				GCC_C_LANGUAGE_STANDARD = gnu11;
				GCC_DYNAMIC_NO_PIC = NO;
				GCC_NO_COMMON_BLOCKS = YES;
				GCC_OPTIMIZATION_LEVEL = 0;
				GCC_PREPROCESSOR_DEFINITIONS = (
					"DEBUG=1",
					"$(inherited)",
				);
				GCC_WARN_64_TO_32_BIT_CONVERSION = YES;
				GCC_WARN_ABOUT_RETURN_TYPE = YES_ERROR;
				GCC_WARN_UNDECLARED_SELECTOR = YES;
				GCC_WARN_UNINITIALIZED_AUTOS = YES_AGGRESSIVE;
				GCC_WARN_UNUSED_FUNCTION = YES;
				GCC_WARN_UNUSED_VARIABLE = YES;
				IPHONEOS_DEPLOYMENT_TARGET = 16.1;
				MTL_ENABLE_DEBUG_INFO = INCLUDE_SOURCE;
				MTL_FAST_MATH = YES;
				ONLY_ACTIVE_ARCH = YES;
				SDKROOT = iphoneos;
				SWIFT_ACTIVE_COMPILATION_CONDITIONS = DEBUG;
				SWIFT_OPTIMIZATION_LEVEL = "-Onone";
			};
			name = Debug;
		};
		930EA44429645AE2007081C8 /* Release */ = {
			isa = XCBuildConfiguration;
			buildSettings = {
				ALWAYS_SEARCH_USER_PATHS = NO;
				CLANG_ANALYZER_NONNULL = YES;
				CLANG_ANALYZER_NUMBER_OBJECT_CONVERSION = YES_AGGRESSIVE;
				CLANG_CXX_LANGUAGE_STANDARD = "gnu++20";
				CLANG_ENABLE_MODULES = YES;
				CLANG_ENABLE_OBJC_ARC = YES;
				CLANG_ENABLE_OBJC_WEAK = YES;
				CLANG_WARN_BLOCK_CAPTURE_AUTORELEASING = YES;
				CLANG_WARN_BOOL_CONVERSION = YES;
				CLANG_WARN_COMMA = YES;
				CLANG_WARN_CONSTANT_CONVERSION = YES;
				CLANG_WARN_DEPRECATED_OBJC_IMPLEMENTATIONS = YES;
				CLANG_WARN_DIRECT_OBJC_ISA_USAGE = YES_ERROR;
				CLANG_WARN_DOCUMENTATION_COMMENTS = YES;
				CLANG_WARN_EMPTY_BODY = YES;
				CLANG_WARN_ENUM_CONVERSION = YES;
				CLANG_WARN_INFINITE_RECURSION = YES;
				CLANG_WARN_INT_CONVERSION = YES;
				CLANG_WARN_NON_LITERAL_NULL_CONVERSION = YES;
				CLANG_WARN_OBJC_IMPLICIT_RETAIN_SELF = YES;
				CLANG_WARN_OBJC_LITERAL_CONVERSION = YES;
				CLANG_WARN_OBJC_ROOT_CLASS = YES_ERROR;
				CLANG_WARN_QUOTED_INCLUDE_IN_FRAMEWORK_HEADER = YES;
				CLANG_WARN_RANGE_LOOP_ANALYSIS = YES;
				CLANG_WARN_STRICT_PROTOTYPES = YES;
				CLANG_WARN_SUSPICIOUS_MOVE = YES;
				CLANG_WARN_UNGUARDED_AVAILABILITY = YES_AGGRESSIVE;
				CLANG_WARN_UNREACHABLE_CODE = YES;
				CLANG_WARN__DUPLICATE_METHOD_MATCH = YES;
				COPY_PHASE_STRIP = NO;
				DEBUG_INFORMATION_FORMAT = "dwarf-with-dsym";
				ENABLE_NS_ASSERTIONS = NO;
				ENABLE_STRICT_OBJC_MSGSEND = YES;
				GCC_C_LANGUAGE_STANDARD = gnu11;
				GCC_NO_COMMON_BLOCKS = YES;
				GCC_WARN_64_TO_32_BIT_CONVERSION = YES;
				GCC_WARN_ABOUT_RETURN_TYPE = YES_ERROR;
				GCC_WARN_UNDECLARED_SELECTOR = YES;
				GCC_WARN_UNINITIALIZED_AUTOS = YES_AGGRESSIVE;
				GCC_WARN_UNUSED_FUNCTION = YES;
				GCC_WARN_UNUSED_VARIABLE = YES;
				IPHONEOS_DEPLOYMENT_TARGET = 16.1;
				MTL_ENABLE_DEBUG_INFO = NO;
				MTL_FAST_MATH = YES;
				SDKROOT = iphoneos;
				SWIFT_COMPILATION_MODE = wholemodule;
				SWIFT_OPTIMIZATION_LEVEL = "-O";
				VALIDATE_PRODUCT = YES;
			};
			name = Release;
		};
		930EA44629645AE2007081C8 /* Debug */ = {
			isa = XCBuildConfiguration;
			buildSettings = {
				ALWAYS_EMBED_SWIFT_STANDARD_LIBRARIES = YES;
				ASSETCATALOG_COMPILER_APPICON_NAME = AppIcon;
				ASSETCATALOG_COMPILER_GLOBAL_ACCENT_COLOR_NAME = AccentColor;
				CODE_SIGN_ENTITLEMENTS = Announcer/Announcer.entitlements;
				CODE_SIGN_IDENTITY = "Apple Development";
				CODE_SIGN_STYLE = Automatic;
				CURRENT_PROJECT_VERSION = 1;
				DEVELOPMENT_ASSET_PATHS = "\"Announcer/Preview Content\"";
				DEVELOPMENT_TEAM = N9ANZ94TFN;
				ENABLE_PREVIEWS = YES;
				GENERATE_INFOPLIST_FILE = YES;
				INFOPLIST_FILE = Announcer/Info.plist;
				INFOPLIST_KEY_CFBundleDisplayName = "SST Announcer";
				INFOPLIST_KEY_LSApplicationCategoryType = "public.app-category.utilities";
				INFOPLIST_KEY_UIApplicationSceneManifest_Generation = YES;
				INFOPLIST_KEY_UIApplicationSupportsIndirectInputEvents = YES;
				INFOPLIST_KEY_UILaunchScreen_Generation = YES;
				INFOPLIST_KEY_UILaunchStoryboardName = LaunchScreen;
				INFOPLIST_KEY_UIRequiredDeviceCapabilities = armv7;
				INFOPLIST_KEY_UISupportedInterfaceOrientations = "UIInterfaceOrientationPortrait UIInterfaceOrientationLandscapeLeft UIInterfaceOrientationLandscapeRight";
				INFOPLIST_KEY_UISupportedInterfaceOrientations_iPad = "UIInterfaceOrientationPortrait UIInterfaceOrientationPortraitUpsideDown UIInterfaceOrientationLandscapeLeft UIInterfaceOrientationLandscapeRight";
				INFOPLIST_KEY_UISupportedInterfaceOrientations_iPhone = "UIInterfaceOrientationPortrait UIInterfaceOrientationLandscapeLeft UIInterfaceOrientationLandscapeRight";
				IPHONEOS_DEPLOYMENT_TARGET = 15.0;
				LD_RUNPATH_SEARCH_PATHS = (
					"$(inherited)",
					"@executable_path/Frameworks",
				);
				MARKETING_VERSION = 1.0;
				OTHER_SWIFT_FLAGS = "-Xfrontend -warn-long-expression-type-checking=60 -Xfrontend -warn-long-function-bodies=60";
				PRODUCT_BUNDLE_IDENTIFIER = com.kaitay.Announcer.SwiftUI;
				PRODUCT_NAME = "$(TARGET_NAME)";
				PROVISIONING_PROFILE_SPECIFIER = "";
				SWIFT_EMIT_LOC_STRINGS = YES;
				SWIFT_VERSION = 5.0;
				TARGETED_DEVICE_FAMILY = "1,2";
			};
			name = Debug;
		};
		930EA44729645AE2007081C8 /* Release */ = {
			isa = XCBuildConfiguration;
			buildSettings = {
				ALWAYS_EMBED_SWIFT_STANDARD_LIBRARIES = YES;
				ASSETCATALOG_COMPILER_APPICON_NAME = AppIcon;
				ASSETCATALOG_COMPILER_GLOBAL_ACCENT_COLOR_NAME = AccentColor;
				CODE_SIGN_ENTITLEMENTS = Announcer/Announcer.entitlements;
				CODE_SIGN_IDENTITY = "Apple Development";
				CODE_SIGN_STYLE = Automatic;
				CURRENT_PROJECT_VERSION = 1;
				DEVELOPMENT_ASSET_PATHS = "\"Announcer/Preview Content\"";
				DEVELOPMENT_TEAM = N9ANZ94TFN;
				ENABLE_PREVIEWS = YES;
				GENERATE_INFOPLIST_FILE = YES;
				INFOPLIST_FILE = Announcer/Info.plist;
				INFOPLIST_KEY_CFBundleDisplayName = "SST Announcer";
				INFOPLIST_KEY_LSApplicationCategoryType = "public.app-category.utilities";
				INFOPLIST_KEY_UIApplicationSceneManifest_Generation = YES;
				INFOPLIST_KEY_UIApplicationSupportsIndirectInputEvents = YES;
				INFOPLIST_KEY_UILaunchScreen_Generation = YES;
				INFOPLIST_KEY_UILaunchStoryboardName = LaunchScreen;
				INFOPLIST_KEY_UIRequiredDeviceCapabilities = armv7;
				INFOPLIST_KEY_UISupportedInterfaceOrientations = "UIInterfaceOrientationPortrait UIInterfaceOrientationLandscapeLeft UIInterfaceOrientationLandscapeRight";
				INFOPLIST_KEY_UISupportedInterfaceOrientations_iPad = "UIInterfaceOrientationPortrait UIInterfaceOrientationPortraitUpsideDown UIInterfaceOrientationLandscapeLeft UIInterfaceOrientationLandscapeRight";
				INFOPLIST_KEY_UISupportedInterfaceOrientations_iPhone = "UIInterfaceOrientationPortrait UIInterfaceOrientationLandscapeLeft UIInterfaceOrientationLandscapeRight";
				IPHONEOS_DEPLOYMENT_TARGET = 15.0;
				LD_RUNPATH_SEARCH_PATHS = (
					"$(inherited)",
					"@executable_path/Frameworks",
				);
				MARKETING_VERSION = 1.0;
				PRODUCT_BUNDLE_IDENTIFIER = com.kaitay.Announcer.SwiftUI;
				PRODUCT_NAME = "$(TARGET_NAME)";
				PROVISIONING_PROFILE_SPECIFIER = "";
				SWIFT_EMIT_LOC_STRINGS = YES;
				SWIFT_VERSION = 5.0;
				TARGETED_DEVICE_FAMILY = "1,2";
			};
			name = Release;
		};
/* End XCBuildConfiguration section */

/* Begin XCConfigurationList section */
		8829F5C0296AE66100BA63A8 /* Build configuration list for PBXNativeTarget "Announcements_NumberExtension" */ = {
			isa = XCConfigurationList;
			buildConfigurations = (
				8829F5BE296AE66100BA63A8 /* Debug */,
				8829F5BF296AE66100BA63A8 /* Release */,
			);
			defaultConfigurationIsVisible = 0;
			defaultConfigurationName = Release;
		};
		930EA43229645AE1007081C8 /* Build configuration list for PBXProject "Announcer" */ = {
			isa = XCConfigurationList;
			buildConfigurations = (
				930EA44329645AE2007081C8 /* Debug */,
				930EA44429645AE2007081C8 /* Release */,
			);
			defaultConfigurationIsVisible = 0;
			defaultConfigurationName = Release;
		};
		930EA44529645AE2007081C8 /* Build configuration list for PBXNativeTarget "Announcer" */ = {
			isa = XCConfigurationList;
			buildConfigurations = (
				930EA44629645AE2007081C8 /* Debug */,
				930EA44729645AE2007081C8 /* Release */,
			);
			defaultConfigurationIsVisible = 0;
			defaultConfigurationName = Release;
		};
/* End XCConfigurationList section */

/* Begin XCRemoteSwiftPackageReference section */
		881544B329686C72001BAFA4 /* XCRemoteSwiftPackageReference "MarkdownUI" */ = {
			isa = XCRemoteSwiftPackageReference;
			repositoryURL = "https://github.com/gonzalezreal/MarkdownUI.git";
			requirement = {
				kind = upToNextMajorVersion;
				minimumVersion = 1.0.0;
			};
		};
		881544B929691ABF001BAFA4 /* XCRemoteSwiftPackageReference "RichText" */ = {
			isa = XCRemoteSwiftPackageReference;
			repositoryURL = "https://github.com/NuPlay/RichText.git";
			requirement = {
				branch = main;
				kind = branch;
			};
		};
		935EAB2A29685987005D2F52 /* XCRemoteSwiftPackageReference "FeedKit" */ = {
			isa = XCRemoteSwiftPackageReference;
			repositoryURL = "https://github.com/nmdias/FeedKit.git";
			requirement = {
				kind = upToNextMajorVersion;
				minimumVersion = 9.0.0;
			};
		};
		93767CBB29AB8ABB007B2EAD /* XCRemoteSwiftPackageReference "UpdatedSwiftUI" */ = {
			isa = XCRemoteSwiftPackageReference;
			repositoryURL = "https://github.com/KaiTheRedNinja/UpdatedSwiftUI";
			requirement = {
				branch = main;
				kind = branch;
			};
		};
		937EBBF3296EA72000722285 /* XCRemoteSwiftPackageReference "swift-collections" */ = {
			isa = XCRemoteSwiftPackageReference;
			repositoryURL = "https://github.com/apple/swift-collections.git";
			requirement = {
				kind = upToNextMajorVersion;
				minimumVersion = 1.0.0;
			};
		};
		D386309C2997DA0E006F388D /* XCRemoteSwiftPackageReference "firebase-ios-sdk" */ = {
			isa = XCRemoteSwiftPackageReference;
			repositoryURL = "https://github.com/firebase/firebase-ios-sdk";
			requirement = {
				branch = master;
				kind = branch;
			};
		};
/* End XCRemoteSwiftPackageReference section */

/* Begin XCSwiftPackageProductDependency section */
		881544B429686C72001BAFA4 /* MarkdownUI */ = {
			isa = XCSwiftPackageProductDependency;
			package = 881544B329686C72001BAFA4 /* XCRemoteSwiftPackageReference "MarkdownUI" */;
			productName = MarkdownUI;
		};
		881544BA29691ABF001BAFA4 /* RichText */ = {
			isa = XCSwiftPackageProductDependency;
			package = 881544B929691ABF001BAFA4 /* XCRemoteSwiftPackageReference "RichText" */;
			productName = RichText;
		};
		935EAB2B29685987005D2F52 /* FeedKit */ = {
			isa = XCSwiftPackageProductDependency;
			package = 935EAB2A29685987005D2F52 /* XCRemoteSwiftPackageReference "FeedKit" */;
			productName = FeedKit;
		};
		93767C8929AB8798007B2EAD /* Chopper */ = {
			isa = XCSwiftPackageProductDependency;
			productName = Chopper;
		};
		93767CBC29AB8ABB007B2EAD /* Updating */ = {
			isa = XCSwiftPackageProductDependency;
			package = 93767CBB29AB8ABB007B2EAD /* XCRemoteSwiftPackageReference "UpdatedSwiftUI" */;
			productName = Updating;
		};
		937EBBF4296EA72000722285 /* OrderedCollections */ = {
			isa = XCSwiftPackageProductDependency;
			package = 937EBBF3296EA72000722285 /* XCRemoteSwiftPackageReference "swift-collections" */;
			productName = OrderedCollections;
		};
		93DA5F4A29B0DEE500CBB655 /* PostManager */ = {
			isa = XCSwiftPackageProductDependency;
			productName = PostManager;
		};
		D386309D2997DA0F006F388D /* FirebaseFunctions */ = {
			isa = XCSwiftPackageProductDependency;
			package = D386309C2997DA0E006F388D /* XCRemoteSwiftPackageReference "firebase-ios-sdk" */;
			productName = FirebaseFunctions;
		};
		D386309F2997DA0F006F388D /* FirebaseInAppMessaging-Beta */ = {
			isa = XCSwiftPackageProductDependency;
			package = D386309C2997DA0E006F388D /* XCRemoteSwiftPackageReference "firebase-ios-sdk" */;
			productName = "FirebaseInAppMessaging-Beta";
		};
		D38630A12997DA0F006F388D /* FirebaseInAppMessagingSwift-Beta */ = {
			isa = XCSwiftPackageProductDependency;
			package = D386309C2997DA0E006F388D /* XCRemoteSwiftPackageReference "firebase-ios-sdk" */;
			productName = "FirebaseInAppMessagingSwift-Beta";
		};
		D38630A32997DA0F006F388D /* FirebaseMessaging */ = {
			isa = XCSwiftPackageProductDependency;
			package = D386309C2997DA0E006F388D /* XCRemoteSwiftPackageReference "firebase-ios-sdk" */;
			productName = FirebaseMessaging;
		};
/* End XCSwiftPackageProductDependency section */
	};
	rootObject = 930EA42F29645AE1007081C8 /* Project object */;
}
