// !$*UTF8*$!
{
	archiveVersion = 1;
	classes = {
	};
	objectVersion = 56;
	objects = {

/* Begin PBXBuildFile section */
		930EA43B29645AE1007081C8 /* AnnouncerApp.swift in Sources */ = {isa = PBXBuildFile; fileRef = 930EA43A29645AE1007081C8 /* AnnouncerApp.swift */; };
		930EA43D29645AE1007081C8 /* ContentView.swift in Sources */ = {isa = PBXBuildFile; fileRef = 930EA43C29645AE1007081C8 /* ContentView.swift */; };
		930EA43F29645AE2007081C8 /* Assets.xcassets in Resources */ = {isa = PBXBuildFile; fileRef = 930EA43E29645AE2007081C8 /* Assets.xcassets */; };
		930EA44229645AE2007081C8 /* Preview Assets.xcassets in Resources */ = {isa = PBXBuildFile; fileRef = 930EA44129645AE2007081C8 /* Preview Assets.xcassets */; };
		930EA44929645BF4007081C8 /* AnnouncementsHomeView.swift in Sources */ = {isa = PBXBuildFile; fileRef = 930EA44829645BF4007081C8 /* AnnouncementsHomeView.swift */; };
		930EA44B29645CB5007081C8 /* Post.swift in Sources */ = {isa = PBXBuildFile; fileRef = 930EA44A29645CB5007081C8 /* Post.swift */; };
		93436AC82965742B00AD3148 /* PostManager.swift in Sources */ = {isa = PBXBuildFile; fileRef = 93436AC72965742B00AD3148 /* PostManager.swift */; };
		9378601E2964625E00FEA668 /* Log.swift in Sources */ = {isa = PBXBuildFile; fileRef = 9378601A2964625E00FEA668 /* Log.swift */; };
		9378601F2964625E00FEA668 /* Using Logger.md in Resources */ = {isa = PBXBuildFile; fileRef = 9378601B2964625E00FEA668 /* Using Logger.md */; };
		937860202964625E00FEA668 /* LogExtension.swift in Sources */ = {isa = PBXBuildFile; fileRef = 9378601C2964625E00FEA668 /* LogExtension.swift */; };
		937860212964625E00FEA668 /* Formatter.swift in Sources */ = {isa = PBXBuildFile; fileRef = 9378601D2964625E00FEA668 /* Formatter.swift */; };
		937860242964637800FEA668 /* AnnouncementDetailView.swift in Sources */ = {isa = PBXBuildFile; fileRef = 937860232964637800FEA668 /* AnnouncementDetailView.swift */; };
		937860262964ED5800FEA668 /* EditFilterView.swift in Sources */ = {isa = PBXBuildFile; fileRef = 937860252964ED5800FEA668 /* EditFilterView.swift */; };
/* End PBXBuildFile section */

/* Begin PBXFileReference section */
		930EA43729645AE1007081C8 /* Announcer.app */ = {isa = PBXFileReference; explicitFileType = wrapper.application; includeInIndex = 0; path = Announcer.app; sourceTree = BUILT_PRODUCTS_DIR; };
		930EA43A29645AE1007081C8 /* AnnouncerApp.swift */ = {isa = PBXFileReference; lastKnownFileType = sourcecode.swift; path = AnnouncerApp.swift; sourceTree = "<group>"; };
		930EA43C29645AE1007081C8 /* ContentView.swift */ = {isa = PBXFileReference; lastKnownFileType = sourcecode.swift; path = ContentView.swift; sourceTree = "<group>"; };
		930EA43E29645AE2007081C8 /* Assets.xcassets */ = {isa = PBXFileReference; lastKnownFileType = folder.assetcatalog; path = Assets.xcassets; sourceTree = "<group>"; };
		930EA44129645AE2007081C8 /* Preview Assets.xcassets */ = {isa = PBXFileReference; lastKnownFileType = folder.assetcatalog; path = "Preview Assets.xcassets"; sourceTree = "<group>"; };
		930EA44829645BF4007081C8 /* AnnouncementsHomeView.swift */ = {isa = PBXFileReference; lastKnownFileType = sourcecode.swift; path = AnnouncementsHomeView.swift; sourceTree = "<group>"; };
		930EA44A29645CB5007081C8 /* Post.swift */ = {isa = PBXFileReference; lastKnownFileType = sourcecode.swift; path = Post.swift; sourceTree = "<group>"; };
		93436AC72965742B00AD3148 /* PostManager.swift */ = {isa = PBXFileReference; lastKnownFileType = sourcecode.swift; path = PostManager.swift; sourceTree = "<group>"; };
		9378601A2964625E00FEA668 /* Log.swift */ = {isa = PBXFileReference; fileEncoding = 4; lastKnownFileType = sourcecode.swift; path = Log.swift; sourceTree = "<group>"; };
		9378601B2964625E00FEA668 /* Using Logger.md */ = {isa = PBXFileReference; fileEncoding = 4; lastKnownFileType = net.daringfireball.markdown; path = "Using Logger.md"; sourceTree = "<group>"; };
		9378601C2964625E00FEA668 /* LogExtension.swift */ = {isa = PBXFileReference; fileEncoding = 4; lastKnownFileType = sourcecode.swift; path = LogExtension.swift; sourceTree = "<group>"; };
		9378601D2964625E00FEA668 /* Formatter.swift */ = {isa = PBXFileReference; fileEncoding = 4; lastKnownFileType = sourcecode.swift; path = Formatter.swift; sourceTree = "<group>"; };
		937860232964637800FEA668 /* AnnouncementDetailView.swift */ = {isa = PBXFileReference; lastKnownFileType = sourcecode.swift; path = AnnouncementDetailView.swift; sourceTree = "<group>"; };
		937860252964ED5800FEA668 /* EditFilterView.swift */ = {isa = PBXFileReference; lastKnownFileType = sourcecode.swift; path = EditFilterView.swift; sourceTree = "<group>"; };
/* End PBXFileReference section */

/* Begin PBXFrameworksBuildPhase section */
		930EA43429645AE1007081C8 /* Frameworks */ = {
			isa = PBXFrameworksBuildPhase;
			buildActionMask = 2147483647;
			files = (
			);
			runOnlyForDeploymentPostprocessing = 0;
		};
/* End PBXFrameworksBuildPhase section */

/* Begin PBXGroup section */
		930EA42E29645AE1007081C8 = {
			isa = PBXGroup;
			children = (
				930EA43929645AE1007081C8 /* Announcer */,
				930EA43829645AE1007081C8 /* Products */,
			);
			sourceTree = "<group>";
		};
		930EA43829645AE1007081C8 /* Products */ = {
			isa = PBXGroup;
			children = (
				930EA43729645AE1007081C8 /* Announcer.app */,
			);
			name = Products;
			sourceTree = "<group>";
		};
		930EA43929645AE1007081C8 /* Announcer */ = {
			isa = PBXGroup;
			children = (
				937860222964626D00FEA668 /* Utils */,
				930EA44C29645CD8007081C8 /* Data */,
				930EA43A29645AE1007081C8 /* AnnouncerApp.swift */,
				930EA43C29645AE1007081C8 /* ContentView.swift */,
				93436AC72965742B00AD3148 /* PostManager.swift */,
				930EA44829645BF4007081C8 /* AnnouncementsHomeView.swift */,
				937860252964ED5800FEA668 /* EditFilterView.swift */,
				937860232964637800FEA668 /* AnnouncementDetailView.swift */,
				930EA43E29645AE2007081C8 /* Assets.xcassets */,
				930EA44029645AE2007081C8 /* Preview Content */,
			);
			path = Announcer;
			sourceTree = "<group>";
		};
		930EA44029645AE2007081C8 /* Preview Content */ = {
			isa = PBXGroup;
			children = (
				930EA44129645AE2007081C8 /* Preview Assets.xcassets */,
			);
			path = "Preview Content";
			sourceTree = "<group>";
		};
		930EA44C29645CD8007081C8 /* Data */ = {
			isa = PBXGroup;
			children = (
				930EA44A29645CB5007081C8 /* Post.swift */,
			);
			path = Data;
			sourceTree = "<group>";
		};
		937860192964625E00FEA668 /* Log */ = {
			isa = PBXGroup;
			children = (
				9378601A2964625E00FEA668 /* Log.swift */,
				9378601B2964625E00FEA668 /* Using Logger.md */,
				9378601C2964625E00FEA668 /* LogExtension.swift */,
				9378601D2964625E00FEA668 /* Formatter.swift */,
			);
			path = Log;
			sourceTree = "<group>";
		};
		937860222964626D00FEA668 /* Utils */ = {
			isa = PBXGroup;
			children = (
				937860192964625E00FEA668 /* Log */,
			);
			path = Utils;
			sourceTree = "<group>";
		};
/* End PBXGroup section */

/* Begin PBXNativeTarget section */
		930EA43629645AE1007081C8 /* Announcer */ = {
			isa = PBXNativeTarget;
			buildConfigurationList = 930EA44529645AE2007081C8 /* Build configuration list for PBXNativeTarget "Announcer" */;
			buildPhases = (
				93786014296461FE00FEA668 /* Run SwiftLint */,
				930EA43329645AE1007081C8 /* Sources */,
				930EA43429645AE1007081C8 /* Frameworks */,
				930EA43529645AE1007081C8 /* Resources */,
			);
			buildRules = (
			);
			dependencies = (
			);
			name = Announcer;
			productName = Announcer;
			productReference = 930EA43729645AE1007081C8 /* Announcer.app */;
			productType = "com.apple.product-type.application";
		};
/* End PBXNativeTarget section */

/* Begin PBXProject section */
		930EA42F29645AE1007081C8 /* Project object */ = {
			isa = PBXProject;
			attributes = {
				BuildIndependentTargetsInParallel = 1;
				LastSwiftUpdateCheck = 1410;
				LastUpgradeCheck = 1410;
				TargetAttributes = {
					930EA43629645AE1007081C8 = {
						CreatedOnToolsVersion = 14.1;
					};
				};
			};
			buildConfigurationList = 930EA43229645AE1007081C8 /* Build configuration list for PBXProject "Announcer" */;
			compatibilityVersion = "Xcode 14.0";
			developmentRegion = en;
			hasScannedForEncodings = 0;
			knownRegions = (
				en,
				Base,
			);
			mainGroup = 930EA42E29645AE1007081C8;
			productRefGroup = 930EA43829645AE1007081C8 /* Products */;
			projectDirPath = "";
			projectRoot = "";
			targets = (
				930EA43629645AE1007081C8 /* Announcer */,
			);
		};
/* End PBXProject section */

/* Begin PBXResourcesBuildPhase section */
		930EA43529645AE1007081C8 /* Resources */ = {
			isa = PBXResourcesBuildPhase;
			buildActionMask = 2147483647;
			files = (
				930EA44229645AE2007081C8 /* Preview Assets.xcassets in Resources */,
				9378601F2964625E00FEA668 /* Using Logger.md in Resources */,
				930EA43F29645AE2007081C8 /* Assets.xcassets in Resources */,
			);
			runOnlyForDeploymentPostprocessing = 0;
		};
/* End PBXResourcesBuildPhase section */

/* Begin PBXShellScriptBuildPhase section */
		93786014296461FE00FEA668 /* Run SwiftLint */ = {
			isa = PBXShellScriptBuildPhase;
			alwaysOutOfDate = 1;
			buildActionMask = 2147483647;
			files = (
			);
			inputFileListPaths = (
			);
			inputPaths = (
			);
			name = "Run SwiftLint";
			outputFileListPaths = (
			);
			outputPaths = (
			);
			runOnlyForDeploymentPostprocessing = 0;
			shellPath = /bin/sh;
			shellScript = "export PATH=\"$PATH:/opt/homebrew/bin\"\nif which swiftlint >/dev/null; then\n  swiftlint --strict\nelse\n  echo \"warning: SwiftLint not installed, download from https://github.com/realm/SwiftLint\"\nfi\n";
		};
/* End PBXShellScriptBuildPhase section */

/* Begin PBXSourcesBuildPhase section */
		930EA43329645AE1007081C8 /* Sources */ = {
			isa = PBXSourcesBuildPhase;
			buildActionMask = 2147483647;
			files = (
				937860242964637800FEA668 /* AnnouncementDetailView.swift in Sources */,
				930EA44929645BF4007081C8 /* AnnouncementsHomeView.swift in Sources */,
				930EA43D29645AE1007081C8 /* ContentView.swift in Sources */,
				937860202964625E00FEA668 /* LogExtension.swift in Sources */,
				937860212964625E00FEA668 /* Formatter.swift in Sources */,
				9378601E2964625E00FEA668 /* Log.swift in Sources */,
				930EA43B29645AE1007081C8 /* AnnouncerApp.swift in Sources */,
				93436AC82965742B00AD3148 /* PostManager.swift in Sources */,
				930EA44B29645CB5007081C8 /* Post.swift in Sources */,
				937860262964ED5800FEA668 /* EditFilterView.swift in Sources */,
			);
			runOnlyForDeploymentPostprocessing = 0;
		};
/* End PBXSourcesBuildPhase section */

/* Begin XCBuildConfiguration section */
		930EA44329645AE2007081C8 /* Debug */ = {
			isa = XCBuildConfiguration;
			buildSettings = {
				ALWAYS_SEARCH_USER_PATHS = NO;
				CLANG_ANALYZER_NONNULL = YES;
				CLANG_ANALYZER_NUMBER_OBJECT_CONVERSION = YES_AGGRESSIVE;
				CLANG_CXX_LANGUAGE_STANDARD = "gnu++20";
				CLANG_ENABLE_MODULES = YES;
				CLANG_ENABLE_OBJC_ARC = YES;
				CLANG_ENABLE_OBJC_WEAK = YES;
				CLANG_WARN_BLOCK_CAPTURE_AUTORELEASING = YES;
				CLANG_WARN_BOOL_CONVERSION = YES;
				CLANG_WARN_COMMA = YES;
				CLANG_WARN_CONSTANT_CONVERSION = YES;
				CLANG_WARN_DEPRECATED_OBJC_IMPLEMENTATIONS = YES;
				CLANG_WARN_DIRECT_OBJC_ISA_USAGE = YES_ERROR;
				CLANG_WARN_DOCUMENTATION_COMMENTS = YES;
				CLANG_WARN_EMPTY_BODY = YES;
				CLANG_WARN_ENUM_CONVERSION = YES;
				CLANG_WARN_INFINITE_RECURSION = YES;
				CLANG_WARN_INT_CONVERSION = YES;
				CLANG_WARN_NON_LITERAL_NULL_CONVERSION = YES;
				CLANG_WARN_OBJC_IMPLICIT_RETAIN_SELF = YES;
				CLANG_WARN_OBJC_LITERAL_CONVERSION = YES;
				CLANG_WARN_OBJC_ROOT_CLASS = YES_ERROR;
				CLANG_WARN_QUOTED_INCLUDE_IN_FRAMEWORK_HEADER = YES;
				CLANG_WARN_RANGE_LOOP_ANALYSIS = YES;
				CLANG_WARN_STRICT_PROTOTYPES = YES;
				CLANG_WARN_SUSPICIOUS_MOVE = YES;
				CLANG_WARN_UNGUARDED_AVAILABILITY = YES_AGGRESSIVE;
				CLANG_WARN_UNREACHABLE_CODE = YES;
				CLANG_WARN__DUPLICATE_METHOD_MATCH = YES;
				COPY_PHASE_STRIP = NO;
				DEBUG_INFORMATION_FORMAT = dwarf;
				ENABLE_STRICT_OBJC_MSGSEND = YES;
				ENABLE_TESTABILITY = YES;
				GCC_C_LANGUAGE_STANDARD = gnu11;
				GCC_DYNAMIC_NO_PIC = NO;
				GCC_NO_COMMON_BLOCKS = YES;
				GCC_OPTIMIZATION_LEVEL = 0;
				GCC_PREPROCESSOR_DEFINITIONS = (
					"DEBUG=1",
					"$(inherited)",
				);
				GCC_WARN_64_TO_32_BIT_CONVERSION = YES;
				GCC_WARN_ABOUT_RETURN_TYPE = YES_ERROR;
				GCC_WARN_UNDECLARED_SELECTOR = YES;
				GCC_WARN_UNINITIALIZED_AUTOS = YES_AGGRESSIVE;
				GCC_WARN_UNUSED_FUNCTION = YES;
				GCC_WARN_UNUSED_VARIABLE = YES;
				IPHONEOS_DEPLOYMENT_TARGET = 16.1;
				MTL_ENABLE_DEBUG_INFO = INCLUDE_SOURCE;
				MTL_FAST_MATH = YES;
				ONLY_ACTIVE_ARCH = YES;
				SDKROOT = iphoneos;
				SWIFT_ACTIVE_COMPILATION_CONDITIONS = DEBUG;
				SWIFT_OPTIMIZATION_LEVEL = "-Onone";
			};
			name = Debug;
		};
		930EA44429645AE2007081C8 /* Release */ = {
			isa = XCBuildConfiguration;
			buildSettings = {
				ALWAYS_SEARCH_USER_PATHS = NO;
				CLANG_ANALYZER_NONNULL = YES;
				CLANG_ANALYZER_NUMBER_OBJECT_CONVERSION = YES_AGGRESSIVE;
				CLANG_CXX_LANGUAGE_STANDARD = "gnu++20";
				CLANG_ENABLE_MODULES = YES;
				CLANG_ENABLE_OBJC_ARC = YES;
				CLANG_ENABLE_OBJC_WEAK = YES;
				CLANG_WARN_BLOCK_CAPTURE_AUTORELEASING = YES;
				CLANG_WARN_BOOL_CONVERSION = YES;
				CLANG_WARN_COMMA = YES;
				CLANG_WARN_CONSTANT_CONVERSION = YES;
				CLANG_WARN_DEPRECATED_OBJC_IMPLEMENTATIONS = YES;
				CLANG_WARN_DIRECT_OBJC_ISA_USAGE = YES_ERROR;
				CLANG_WARN_DOCUMENTATION_COMMENTS = YES;
				CLANG_WARN_EMPTY_BODY = YES;
				CLANG_WARN_ENUM_CONVERSION = YES;
				CLANG_WARN_INFINITE_RECURSION = YES;
				CLANG_WARN_INT_CONVERSION = YES;
				CLANG_WARN_NON_LITERAL_NULL_CONVERSION = YES;
				CLANG_WARN_OBJC_IMPLICIT_RETAIN_SELF = YES;
				CLANG_WARN_OBJC_LITERAL_CONVERSION = YES;
				CLANG_WARN_OBJC_ROOT_CLASS = YES_ERROR;
				CLANG_WARN_QUOTED_INCLUDE_IN_FRAMEWORK_HEADER = YES;
				CLANG_WARN_RANGE_LOOP_ANALYSIS = YES;
				CLANG_WARN_STRICT_PROTOTYPES = YES;
				CLANG_WARN_SUSPICIOUS_MOVE = YES;
				CLANG_WARN_UNGUARDED_AVAILABILITY = YES_AGGRESSIVE;
				CLANG_WARN_UNREACHABLE_CODE = YES;
				CLANG_WARN__DUPLICATE_METHOD_MATCH = YES;
				COPY_PHASE_STRIP = NO;
				DEBUG_INFORMATION_FORMAT = "dwarf-with-dsym";
				ENABLE_NS_ASSERTIONS = NO;
				ENABLE_STRICT_OBJC_MSGSEND = YES;
				GCC_C_LANGUAGE_STANDARD = gnu11;
				GCC_NO_COMMON_BLOCKS = YES;
				GCC_WARN_64_TO_32_BIT_CONVERSION = YES;
				GCC_WARN_ABOUT_RETURN_TYPE = YES_ERROR;
				GCC_WARN_UNDECLARED_SELECTOR = YES;
				GCC_WARN_UNINITIALIZED_AUTOS = YES_AGGRESSIVE;
				GCC_WARN_UNUSED_FUNCTION = YES;
				GCC_WARN_UNUSED_VARIABLE = YES;
				IPHONEOS_DEPLOYMENT_TARGET = 16.1;
				MTL_ENABLE_DEBUG_INFO = NO;
				MTL_FAST_MATH = YES;
				SDKROOT = iphoneos;
				SWIFT_COMPILATION_MODE = wholemodule;
				SWIFT_OPTIMIZATION_LEVEL = "-O";
				VALIDATE_PRODUCT = YES;
			};
			name = Release;
		};
		930EA44629645AE2007081C8 /* Debug */ = {
			isa = XCBuildConfiguration;
			buildSettings = {
				ASSETCATALOG_COMPILER_APPICON_NAME = AppIcon;
				ASSETCATALOG_COMPILER_GLOBAL_ACCENT_COLOR_NAME = AccentColor;
				CODE_SIGN_STYLE = Automatic;
				CURRENT_PROJECT_VERSION = 1;
				DEVELOPMENT_ASSET_PATHS = "\"Announcer/Preview Content\"";
				ENABLE_PREVIEWS = YES;
				GENERATE_INFOPLIST_FILE = YES;
				INFOPLIST_KEY_UIApplicationSceneManifest_Generation = YES;
				INFOPLIST_KEY_UIApplicationSupportsIndirectInputEvents = YES;
				INFOPLIST_KEY_UILaunchScreen_Generation = YES;
				INFOPLIST_KEY_UISupportedInterfaceOrientations_iPad = "UIInterfaceOrientationPortrait UIInterfaceOrientationPortraitUpsideDown UIInterfaceOrientationLandscapeLeft UIInterfaceOrientationLandscapeRight";
				INFOPLIST_KEY_UISupportedInterfaceOrientations_iPhone = "UIInterfaceOrientationPortrait UIInterfaceOrientationLandscapeLeft UIInterfaceOrientationLandscapeRight";
				IPHONEOS_DEPLOYMENT_TARGET = 15.0;
				LD_RUNPATH_SEARCH_PATHS = (
					"$(inherited)",
					"@executable_path/Frameworks",
				);
				MARKETING_VERSION = 1.0;
				PRODUCT_BUNDLE_IDENTIFIER = sg.edu.sst.panziyue.Announcer;
				PRODUCT_NAME = "$(TARGET_NAME)";
				SWIFT_EMIT_LOC_STRINGS = YES;
				SWIFT_VERSION = 5.0;
				TARGETED_DEVICE_FAMILY = "1,2";
			};
			name = Debug;
		};
		930EA44729645AE2007081C8 /* Release */ = {
			isa = XCBuildConfiguration;
			buildSettings = {
				ASSETCATALOG_COMPILER_APPICON_NAME = AppIcon;
				ASSETCATALOG_COMPILER_GLOBAL_ACCENT_COLOR_NAME = AccentColor;
				CODE_SIGN_STYLE = Automatic;
				CURRENT_PROJECT_VERSION = 1;
				DEVELOPMENT_ASSET_PATHS = "\"Announcer/Preview Content\"";
				ENABLE_PREVIEWS = YES;
				GENERATE_INFOPLIST_FILE = YES;
				INFOPLIST_KEY_UIApplicationSceneManifest_Generation = YES;
				INFOPLIST_KEY_UIApplicationSupportsIndirectInputEvents = YES;
				INFOPLIST_KEY_UILaunchScreen_Generation = YES;
				INFOPLIST_KEY_UISupportedInterfaceOrientations_iPad = "UIInterfaceOrientationPortrait UIInterfaceOrientationPortraitUpsideDown UIInterfaceOrientationLandscapeLeft UIInterfaceOrientationLandscapeRight";
				INFOPLIST_KEY_UISupportedInterfaceOrientations_iPhone = "UIInterfaceOrientationPortrait UIInterfaceOrientationLandscapeLeft UIInterfaceOrientationLandscapeRight";
				IPHONEOS_DEPLOYMENT_TARGET = 15.0;
				LD_RUNPATH_SEARCH_PATHS = (
					"$(inherited)",
					"@executable_path/Frameworks",
				);
				MARKETING_VERSION = 1.0;
				PRODUCT_BUNDLE_IDENTIFIER = sg.edu.sst.panziyue.Announcer;
				PRODUCT_NAME = "$(TARGET_NAME)";
				SWIFT_EMIT_LOC_STRINGS = YES;
				SWIFT_VERSION = 5.0;
				TARGETED_DEVICE_FAMILY = "1,2";
			};
			name = Release;
		};
/* End XCBuildConfiguration section */

/* Begin XCConfigurationList section */
		930EA43229645AE1007081C8 /* Build configuration list for PBXProject "Announcer" */ = {
			isa = XCConfigurationList;
			buildConfigurations = (
				930EA44329645AE2007081C8 /* Debug */,
				930EA44429645AE2007081C8 /* Release */,
			);
			defaultConfigurationIsVisible = 0;
			defaultConfigurationName = Release;
		};
		930EA44529645AE2007081C8 /* Build configuration list for PBXNativeTarget "Announcer" */ = {
			isa = XCConfigurationList;
			buildConfigurations = (
				930EA44629645AE2007081C8 /* Debug */,
				930EA44729645AE2007081C8 /* Release */,
			);
			defaultConfigurationIsVisible = 0;
			defaultConfigurationName = Release;
		};
/* End XCConfigurationList section */
	};
	rootObject = 930EA42F29645AE1007081C8 /* Project object */;
}
