// !$*UTF8*$!
{
	archiveVersion = 1;
	classes = {
	};
	objectVersion = 56;
	objects = {

/* Begin PBXBuildFile section */
		881544BB29691ABF001BAFA4 /* RichText in Frameworks */ = {isa = PBXBuildFile; productRef = 881544BA29691ABF001BAFA4 /* RichText */; };
		930EA43D29645AE1007081C8 /* ContentView.swift in Sources */ = {isa = PBXBuildFile; fileRef = 930EA43C29645AE1007081C8 /* ContentView.swift */; };
		930EA43F29645AE2007081C8 /* Assets.xcassets in Resources */ = {isa = PBXBuildFile; fileRef = 930EA43E29645AE2007081C8 /* Assets.xcassets */; };
		930EA44229645AE2007081C8 /* Preview Assets.xcassets in Resources */ = {isa = PBXBuildFile; fileRef = 930EA44129645AE2007081C8 /* Preview Assets.xcassets */; };
		930EA44929645BF4007081C8 /* AnnouncementsHomeView.swift in Sources */ = {isa = PBXBuildFile; fileRef = 930EA44829645BF4007081C8 /* AnnouncementsHomeView.swift */; };
		93127C2729B70DC90091B38B /* LinkPreview.swift in Sources */ = {isa = PBXBuildFile; fileRef = 93127C2629B70DC90091B38B /* LinkPreview.swift */; };
		931B2C672966C46900BBF397 /* EditCategoriesView.swift in Sources */ = {isa = PBXBuildFile; fileRef = 931B2C662966C46900BBF397 /* EditCategoriesView.swift */; };
		931B2C692966C67700BBF397 /* CategoryScrollView.swift in Sources */ = {isa = PBXBuildFile; fileRef = 931B2C682966C67700BBF397 /* CategoryScrollView.swift */; };
		93276E18297A991F00B710AB /* CachePostsView.swift in Sources */ = {isa = PBXBuildFile; fileRef = 93276E17297A991F00B710AB /* CachePostsView.swift */; };
		93393FB229C974BE0018B1AE /* ScheduleConfirmationView.swift in Sources */ = {isa = PBXBuildFile; fileRef = 93393FB129C974BE0018B1AE /* ScheduleConfirmationView.swift */; };
		93436ACA2965B4D600AD3148 /* PostPreviewView.swift in Sources */ = {isa = PBXBuildFile; fileRef = 93436AC92965B4D600AD3148 /* PostPreviewView.swift */; };
		9348BE8C29BFE95A00E96571 /* SwitchScheduleView.swift in Sources */ = {isa = PBXBuildFile; fileRef = 9348BE8B29BFE95A00E96571 /* SwitchScheduleView.swift */; };
		93528DB3296FC23200651404 /* Settings.swift in Sources */ = {isa = PBXBuildFile; fileRef = 93528DB2296FC23200651404 /* Settings.swift */; };
		93528DB6296FC95B00651404 /* ClearStorageView.swift in Sources */ = {isa = PBXBuildFile; fileRef = 93528DB5296FC95B00651404 /* ClearStorageView.swift */; };
		93528DB8296FDE2600651404 /* SettingsManager.swift in Sources */ = {isa = PBXBuildFile; fileRef = 93528DB7296FDE2600651404 /* SettingsManager.swift */; };
		935EAB2C29685987005D2F52 /* FeedKit in Frameworks */ = {isa = PBXBuildFile; productRef = 935EAB2B29685987005D2F52 /* FeedKit */; };
		935EAB3329686B5B005D2F52 /* TimeAndReminder.swift in Sources */ = {isa = PBXBuildFile; fileRef = 935EAB3229686B5B005D2F52 /* TimeAndReminder.swift */; };
		9372FD7929AEF13200B85918 /* DayPickerView.swift in Sources */ = {isa = PBXBuildFile; fileRef = 9372FD7829AEF13200B85918 /* DayPickerView.swift */; };
		93767C8A29AB8798007B2EAD /* Chopper in Frameworks */ = {isa = PBXBuildFile; productRef = 93767C8929AB8798007B2EAD /* Chopper */; };
		93767C9629AB8966007B2EAD /* NavigationSheet.swift in Sources */ = {isa = PBXBuildFile; fileRef = 93767C8E29AB8966007B2EAD /* NavigationSheet.swift */; };
		93767C9729AB8966007B2EAD /* ListTextField.swift in Sources */ = {isa = PBXBuildFile; fileRef = 93767C8F29AB8966007B2EAD /* ListTextField.swift */; };
		93767C9829AB8966007B2EAD /* ImagePicker.swift in Sources */ = {isa = PBXBuildFile; fileRef = 93767C9029AB8966007B2EAD /* ImagePicker.swift */; };
		93767C9929AB8966007B2EAD /* ListText.swift in Sources */ = {isa = PBXBuildFile; fileRef = 93767C9129AB8966007B2EAD /* ListText.swift */; };
		93767C9A29AB8966007B2EAD /* ScheduleVisualiserView.swift in Sources */ = {isa = PBXBuildFile; fileRef = 93767C9329AB8966007B2EAD /* ScheduleVisualiserView.swift */; };
		93767C9B29AB8966007B2EAD /* SubjectVisualiserView.swift in Sources */ = {isa = PBXBuildFile; fileRef = 93767C9429AB8966007B2EAD /* SubjectVisualiserView.swift */; };
		93767C9C29AB8966007B2EAD /* LargeListHeader.swift in Sources */ = {isa = PBXBuildFile; fileRef = 93767C9529AB8966007B2EAD /* LargeListHeader.swift */; };
		93767CAD29AB89A7007B2EAD /* OtherSubjectInstancesView.swift in Sources */ = {isa = PBXBuildFile; fileRef = 93767C9F29AB89A7007B2EAD /* OtherSubjectInstancesView.swift */; };
		93767CAE29AB89A7007B2EAD /* SubjectDisplayView.swift in Sources */ = {isa = PBXBuildFile; fileRef = 93767CA129AB89A7007B2EAD /* SubjectDisplayView.swift */; };
		93767CAF29AB89A7007B2EAD /* ClassesDisplayView.swift in Sources */ = {isa = PBXBuildFile; fileRef = 93767CA229AB89A7007B2EAD /* ClassesDisplayView.swift */; };
		93767CB029AB89A7007B2EAD /* ScheduleDisplayView.swift in Sources */ = {isa = PBXBuildFile; fileRef = 93767CA329AB89A7007B2EAD /* ScheduleDisplayView.swift */; };
		93767CB129AB89A7007B2EAD /* ClassDisplayView.swift in Sources */ = {isa = PBXBuildFile; fileRef = 93767CA429AB89A7007B2EAD /* ClassDisplayView.swift */; };
		93767CB229AB89A7007B2EAD /* ScheduleInformationView.swift in Sources */ = {isa = PBXBuildFile; fileRef = 93767CA529AB89A7007B2EAD /* ScheduleInformationView.swift */; };
		93767CB329AB89A7007B2EAD /* ChangeSubjectView.swift in Sources */ = {isa = PBXBuildFile; fileRef = 93767CA729AB89A7007B2EAD /* ChangeSubjectView.swift */; };
		93767CB429AB89A7007B2EAD /* SubjectSuggestionEditView.swift in Sources */ = {isa = PBXBuildFile; fileRef = 93767CA829AB89A7007B2EAD /* SubjectSuggestionEditView.swift */; };
		93767CB529AB89A7007B2EAD /* ProvideScheduleView.swift in Sources */ = {isa = PBXBuildFile; fileRef = 93767CA929AB89A7007B2EAD /* ProvideScheduleView.swift */; };
		93767CB629AB89A7007B2EAD /* ScheduleSuggestionView.swift in Sources */ = {isa = PBXBuildFile; fileRef = 93767CAA29AB89A7007B2EAD /* ScheduleSuggestionView.swift */; };
		93767CB729AB89A7007B2EAD /* WeekSubjectsView.swift in Sources */ = {isa = PBXBuildFile; fileRef = 93767CAB29AB89A7007B2EAD /* WeekSubjectsView.swift */; };
		93767CB829AB89A7007B2EAD /* SaveScheduleView.swift in Sources */ = {isa = PBXBuildFile; fileRef = 93767CAC29AB89A7007B2EAD /* SaveScheduleView.swift */; };
		93767CBA29AB8A1B007B2EAD /* ScheduleView.swift in Sources */ = {isa = PBXBuildFile; fileRef = 93767CB929AB8A1B007B2EAD /* ScheduleView.swift */; };
		93767CBD29AB8ABB007B2EAD /* Updating in Frameworks */ = {isa = PBXBuildFile; productRef = 93767CBC29AB8ABB007B2EAD /* Updating */; };
		93769336296A842900D94EC3 /* SafariView.swift in Sources */ = {isa = PBXBuildFile; fileRef = 93769335296A842900D94EC3 /* SafariView.swift */; };
		93769339296A8B1900D94EC3 /* AnnouncementDetailView+Resize.swift in Sources */ = {isa = PBXBuildFile; fileRef = 93769338296A8B1900D94EC3 /* AnnouncementDetailView+Resize.swift */; };
		9376933B296A8B5B00D94EC3 /* AnnouncementDetailView+Render.swift in Sources */ = {isa = PBXBuildFile; fileRef = 9376933A296A8B5B00D94EC3 /* AnnouncementDetailView+Render.swift */; };
		9376933D296A8B9700D94EC3 /* AnnouncementDetailView+Components.swift in Sources */ = {isa = PBXBuildFile; fileRef = 9376933C296A8B9700D94EC3 /* AnnouncementDetailView+Components.swift */; };
		9376933F296AC7C000D94EC3 /* README.md in Resources */ = {isa = PBXBuildFile; fileRef = 9376933E296AC7C000D94EC3 /* README.md */; };
		937860242964637800FEA668 /* AnnouncementDetailView.swift in Sources */ = {isa = PBXBuildFile; fileRef = 937860232964637800FEA668 /* AnnouncementDetailView.swift */; };
		937860262964ED5800FEA668 /* EditFilterView.swift in Sources */ = {isa = PBXBuildFile; fileRef = 937860252964ED5800FEA668 /* EditFilterView.swift */; };
		937EBBF5296EA72000722285 /* OrderedCollections in Frameworks */ = {isa = PBXBuildFile; productRef = 937EBBF4296EA72000722285 /* OrderedCollections */; };
		937EBBF7296EAFC700722285 /* ShareSheet.swift in Sources */ = {isa = PBXBuildFile; fileRef = 937EBBF6296EAFC700722285 /* ShareSheet.swift */; };
		93AF704629698B1400BF18F8 /* HTMLString.swift in Sources */ = {isa = PBXBuildFile; fileRef = 93AF704529698B1400BF18F8 /* HTMLString.swift */; };
		93AF704A29699C6300BF18F8 /* PostPreviewPlaceholderView.swift in Sources */ = {isa = PBXBuildFile; fileRef = 93AF704929699C6300BF18F8 /* PostPreviewPlaceholderView.swift */; };
		93AF704C2969B10B00BF18F8 /* EditReminderDateView.swift in Sources */ = {isa = PBXBuildFile; fileRef = 93AF704B2969B10B00BF18F8 /* EditReminderDateView.swift */; };
		93BC631A29B764EC00BF4BA3 /* TimeTableProtocol.swift in Sources */ = {isa = PBXBuildFile; fileRef = 93BC631029B75E7200BF4BA3 /* TimeTableProtocol.swift */; };
		93BC631B29B764F200BF4BA3 /* TimeTableSmall.swift in Sources */ = {isa = PBXBuildFile; fileRef = 93BC631429B7639B00BF4BA3 /* TimeTableSmall.swift */; };
		93BC631C29B764F500BF4BA3 /* TimeTableMedium.swift in Sources */ = {isa = PBXBuildFile; fileRef = 93BC631629B763A500BF4BA3 /* TimeTableMedium.swift */; };
		93BC631D29B764F900BF4BA3 /* TimeTableLarge.swift in Sources */ = {isa = PBXBuildFile; fileRef = 93BC631829B763AB00BF4BA3 /* TimeTableLarge.swift */; };
		93BC631E29B7650C00BF4BA3 /* TimeTableProtocol.swift in Sources */ = {isa = PBXBuildFile; fileRef = 93BC631029B75E7200BF4BA3 /* TimeTableProtocol.swift */; };
		93BC631F29B7650F00BF4BA3 /* TimeTableMedium.swift in Sources */ = {isa = PBXBuildFile; fileRef = 93BC631629B763A500BF4BA3 /* TimeTableMedium.swift */; };
		93BC632029B7651200BF4BA3 /* TimeTableSmall.swift in Sources */ = {isa = PBXBuildFile; fileRef = 93BC631429B7639B00BF4BA3 /* TimeTableSmall.swift */; };
		93BC632129B7651500BF4BA3 /* TimeTableLarge.swift in Sources */ = {isa = PBXBuildFile; fileRef = 93BC631829B763AB00BF4BA3 /* TimeTableLarge.swift */; };
		93BC632329B7654100BF4BA3 /* Chopper in Frameworks */ = {isa = PBXBuildFile; productRef = 93BC632229B7654100BF4BA3 /* Chopper */; };
		93BC632529B7655100BF4BA3 /* Updating in Frameworks */ = {isa = PBXBuildFile; productRef = 93BC632429B7655100BF4BA3 /* Updating */; };
		93DA5F4B29B0DEE500CBB655 /* PostManager in Frameworks */ = {isa = PBXBuildFile; productRef = 93DA5F4A29B0DEE500CBB655 /* PostManager */; };
		93DE7A9129CA7255005433E3 /* ScheduleFAQView.swift in Sources */ = {isa = PBXBuildFile; fileRef = 93DE7A9029CA7255005433E3 /* ScheduleFAQView.swift */; };
		93E5302829B8B6CB0026F4BE /* ScheduleQRView.swift in Sources */ = {isa = PBXBuildFile; fileRef = 93E5302729B8B6CB0026F4BE /* ScheduleQRView.swift */; };
		93E5303229B8D30F0026F4BE /* CodeScanner.swift in Sources */ = {isa = PBXBuildFile; fileRef = 93E5303029B8D30F0026F4BE /* CodeScanner.swift */; };
		93E5303329B8D30F0026F4BE /* ScannerViewController.swift in Sources */ = {isa = PBXBuildFile; fileRef = 93E5303129B8D30F0026F4BE /* ScannerViewController.swift */; };
		D30F136A29BCD49E0054C519 /* amplifyconfiguration.json in Resources */ = {isa = PBXBuildFile; fileRef = D30F136929BCD49E0054C519 /* amplifyconfiguration.json */; };
		D30F136C29BCD4B20054C519 /* awsconfiguration.json in Resources */ = {isa = PBXBuildFile; fileRef = D30F136B29BCD4B20054C519 /* awsconfiguration.json */; };
		D30F136E29BCD6720054C519 /* message.swift in Sources */ = {isa = PBXBuildFile; fileRef = D30F136D29BCD6720054C519 /* message.swift */; };
		D3B47C2429BCB85200C1832D /* NotificationService.swift in Sources */ = {isa = PBXBuildFile; fileRef = D3B47C2229BCB85200C1832D /* NotificationService.swift */; };
		D3B47C2529BCB85200C1832D /* push_notifications_handler.swift in Sources */ = {isa = PBXBuildFile; fileRef = D3B47C2329BCB85200C1832D /* push_notifications_handler.swift */; };
		D3B47C2729BCB87C00C1832D /* README.md in Sources */ = {isa = PBXBuildFile; fileRef = 9376933E296AC7C000D94EC3 /* README.md */; };
		D3B47C2B29BCB9A500C1832D /* AnnouncerPushNotif+Schema.swift in Sources */ = {isa = PBXBuildFile; fileRef = D3B47C2829BCB9A500C1832D /* AnnouncerPushNotif+Schema.swift */; };
		D3B47C2C29BCB9A500C1832D /* AmplifyModels.swift in Sources */ = {isa = PBXBuildFile; fileRef = D3B47C2929BCB9A500C1832D /* AmplifyModels.swift */; };
		D3B47C2D29BCB9A500C1832D /* AnnouncerPushNotif.swift in Sources */ = {isa = PBXBuildFile; fileRef = D3B47C2A29BCB9A500C1832D /* AnnouncerPushNotif.swift */; };
		D3B47C3129BCC2B500C1832D /* AWSAPIPlugin in Frameworks */ = {isa = PBXBuildFile; productRef = D3B47C3029BCC2B500C1832D /* AWSAPIPlugin */; };
		D3B47C3329BCC2B500C1832D /* AWSDataStorePlugin in Frameworks */ = {isa = PBXBuildFile; productRef = D3B47C3229BCC2B500C1832D /* AWSDataStorePlugin */; };
		D3B47C3529BCC2B500C1832D /* AWSS3StoragePlugin in Frameworks */ = {isa = PBXBuildFile; productRef = D3B47C3429BCC2B500C1832D /* AWSS3StoragePlugin */; };
		D3B47C3729BCC2B500C1832D /* Amplify in Frameworks */ = {isa = PBXBuildFile; productRef = D3B47C3629BCC2B500C1832D /* Amplify */; };
		D3E64C8229B62E0600B07572 /* WidgetKit.framework in Frameworks */ = {isa = PBXBuildFile; fileRef = 8829F5A9296AE65E00BA63A8 /* WidgetKit.framework */; };
		D3E64C8329B62E0600B07572 /* SwiftUI.framework in Frameworks */ = {isa = PBXBuildFile; fileRef = 8829F5AB296AE65E00BA63A8 /* SwiftUI.framework */; };
		D3E64C8629B62E0600B07572 /* Timetable_AnnouncerBundle.swift in Sources */ = {isa = PBXBuildFile; fileRef = D3E64C8529B62E0600B07572 /* Timetable_AnnouncerBundle.swift */; };
		D3E64C8829B62E0600B07572 /* Timetable_AnnouncerLiveActivity.swift in Sources */ = {isa = PBXBuildFile; fileRef = D3E64C8729B62E0600B07572 /* Timetable_AnnouncerLiveActivity.swift */; };
		D3E64C8A29B62E0600B07572 /* Timetable_Announcer.swift in Sources */ = {isa = PBXBuildFile; fileRef = D3E64C8929B62E0600B07572 /* Timetable_Announcer.swift */; };
		D3E64C8D29B62E0800B07572 /* Assets.xcassets in Resources */ = {isa = PBXBuildFile; fileRef = D3E64C8C29B62E0800B07572 /* Assets.xcassets */; };
		D3E64C8F29B62E0800B07572 /* Timetable_Announcer.intentdefinition in Sources */ = {isa = PBXBuildFile; fileRef = D3E64C8B29B62E0600B07572 /* Timetable_Announcer.intentdefinition */; };
		D3E64C9029B62E0800B07572 /* Timetable_Announcer.intentdefinition in Sources */ = {isa = PBXBuildFile; fileRef = D3E64C8B29B62E0600B07572 /* Timetable_Announcer.intentdefinition */; };
		D3E64C9329B62E0800B07572 /* Timetable_AnnouncerExtension.appex in Embed Foundation Extensions */ = {isa = PBXBuildFile; fileRef = D3E64C8129B62E0600B07572 /* Timetable_AnnouncerExtension.appex */; settings = {ATTRIBUTES = (RemoveHeadersOnCopy, ); }; };
/* End PBXBuildFile section */

/* Begin PBXContainerItemProxy section */
		D3E64C9129B62E0800B07572 /* PBXContainerItemProxy */ = {
			isa = PBXContainerItemProxy;
			containerPortal = 930EA42F29645AE1007081C8 /* Project object */;
			proxyType = 1;
			remoteGlobalIDString = D3E64C8029B62E0500B07572;
			remoteInfo = Timetable_AnnouncerExtension;
		};
/* End PBXContainerItemProxy section */

/* Begin PBXCopyFilesBuildPhase section */
		8829F5BD296AE66100BA63A8 /* Embed Foundation Extensions */ = {
			isa = PBXCopyFilesBuildPhase;
			buildActionMask = 2147483647;
			dstPath = "";
			dstSubfolderSpec = 13;
			files = (
				D3E64C9329B62E0800B07572 /* Timetable_AnnouncerExtension.appex in Embed Foundation Extensions */,
			);
			name = "Embed Foundation Extensions";
			runOnlyForDeploymentPostprocessing = 0;
		};
/* End PBXCopyFilesBuildPhase section */

/* Begin PBXFileReference section */
		8829F5A9296AE65E00BA63A8 /* WidgetKit.framework */ = {isa = PBXFileReference; lastKnownFileType = wrapper.framework; name = WidgetKit.framework; path = System/Library/Frameworks/WidgetKit.framework; sourceTree = SDKROOT; };
		8829F5AB296AE65E00BA63A8 /* SwiftUI.framework */ = {isa = PBXFileReference; lastKnownFileType = wrapper.framework; name = SwiftUI.framework; path = System/Library/Frameworks/SwiftUI.framework; sourceTree = SDKROOT; };
		930EA43729645AE1007081C8 /* Announcer.app */ = {isa = PBXFileReference; explicitFileType = wrapper.application; includeInIndex = 0; path = Announcer.app; sourceTree = BUILT_PRODUCTS_DIR; };
		930EA43C29645AE1007081C8 /* ContentView.swift */ = {isa = PBXFileReference; lastKnownFileType = sourcecode.swift; path = ContentView.swift; sourceTree = "<group>"; };
		930EA43E29645AE2007081C8 /* Assets.xcassets */ = {isa = PBXFileReference; lastKnownFileType = folder.assetcatalog; path = Assets.xcassets; sourceTree = "<group>"; };
		930EA44129645AE2007081C8 /* Preview Assets.xcassets */ = {isa = PBXFileReference; lastKnownFileType = folder.assetcatalog; path = "Preview Assets.xcassets"; sourceTree = "<group>"; };
		930EA44829645BF4007081C8 /* AnnouncementsHomeView.swift */ = {isa = PBXFileReference; lastKnownFileType = sourcecode.swift; path = AnnouncementsHomeView.swift; sourceTree = "<group>"; };
		93127C2629B70DC90091B38B /* LinkPreview.swift */ = {isa = PBXFileReference; lastKnownFileType = sourcecode.swift; path = LinkPreview.swift; sourceTree = "<group>"; };
		931B2C662966C46900BBF397 /* EditCategoriesView.swift */ = {isa = PBXFileReference; lastKnownFileType = sourcecode.swift; path = EditCategoriesView.swift; sourceTree = "<group>"; };
		931B2C682966C67700BBF397 /* CategoryScrollView.swift */ = {isa = PBXFileReference; lastKnownFileType = sourcecode.swift; path = CategoryScrollView.swift; sourceTree = "<group>"; };
		93276E17297A991F00B710AB /* CachePostsView.swift */ = {isa = PBXFileReference; lastKnownFileType = sourcecode.swift; path = CachePostsView.swift; sourceTree = "<group>"; };
		93393FB129C974BE0018B1AE /* ScheduleConfirmationView.swift */ = {isa = PBXFileReference; lastKnownFileType = sourcecode.swift; path = ScheduleConfirmationView.swift; sourceTree = "<group>"; };
		93436AC92965B4D600AD3148 /* PostPreviewView.swift */ = {isa = PBXFileReference; lastKnownFileType = sourcecode.swift; path = PostPreviewView.swift; sourceTree = "<group>"; };
		9348BE8B29BFE95A00E96571 /* SwitchScheduleView.swift */ = {isa = PBXFileReference; lastKnownFileType = sourcecode.swift; path = SwitchScheduleView.swift; sourceTree = "<group>"; };
		93528DB2296FC23200651404 /* Settings.swift */ = {isa = PBXFileReference; lastKnownFileType = sourcecode.swift; path = Settings.swift; sourceTree = "<group>"; };
		93528DB5296FC95B00651404 /* ClearStorageView.swift */ = {isa = PBXFileReference; lastKnownFileType = sourcecode.swift; path = ClearStorageView.swift; sourceTree = "<group>"; };
		93528DB7296FDE2600651404 /* SettingsManager.swift */ = {isa = PBXFileReference; lastKnownFileType = sourcecode.swift; path = SettingsManager.swift; sourceTree = "<group>"; };
		935EAB3129685EBD005D2F52 /* Info.plist */ = {isa = PBXFileReference; lastKnownFileType = text.plist; path = Info.plist; sourceTree = "<group>"; };
		935EAB3229686B5B005D2F52 /* TimeAndReminder.swift */ = {isa = PBXFileReference; lastKnownFileType = sourcecode.swift; path = TimeAndReminder.swift; sourceTree = "<group>"; };
		9372FD7829AEF13200B85918 /* DayPickerView.swift */ = {isa = PBXFileReference; lastKnownFileType = sourcecode.swift; path = DayPickerView.swift; sourceTree = "<group>"; };
		93767C8E29AB8966007B2EAD /* NavigationSheet.swift */ = {isa = PBXFileReference; fileEncoding = 4; lastKnownFileType = sourcecode.swift; path = NavigationSheet.swift; sourceTree = "<group>"; };
		93767C8F29AB8966007B2EAD /* ListTextField.swift */ = {isa = PBXFileReference; fileEncoding = 4; lastKnownFileType = sourcecode.swift; path = ListTextField.swift; sourceTree = "<group>"; };
		93767C9029AB8966007B2EAD /* ImagePicker.swift */ = {isa = PBXFileReference; fileEncoding = 4; lastKnownFileType = sourcecode.swift; path = ImagePicker.swift; sourceTree = "<group>"; };
		93767C9129AB8966007B2EAD /* ListText.swift */ = {isa = PBXFileReference; fileEncoding = 4; lastKnownFileType = sourcecode.swift; path = ListText.swift; sourceTree = "<group>"; };
		93767C9329AB8966007B2EAD /* ScheduleVisualiserView.swift */ = {isa = PBXFileReference; fileEncoding = 4; lastKnownFileType = sourcecode.swift; path = ScheduleVisualiserView.swift; sourceTree = "<group>"; };
		93767C9429AB8966007B2EAD /* SubjectVisualiserView.swift */ = {isa = PBXFileReference; fileEncoding = 4; lastKnownFileType = sourcecode.swift; path = SubjectVisualiserView.swift; sourceTree = "<group>"; };
		93767C9529AB8966007B2EAD /* LargeListHeader.swift */ = {isa = PBXFileReference; fileEncoding = 4; lastKnownFileType = sourcecode.swift; path = LargeListHeader.swift; sourceTree = "<group>"; };
		93767C9F29AB89A7007B2EAD /* OtherSubjectInstancesView.swift */ = {isa = PBXFileReference; fileEncoding = 4; lastKnownFileType = sourcecode.swift; path = OtherSubjectInstancesView.swift; sourceTree = "<group>"; };
		93767CA129AB89A7007B2EAD /* SubjectDisplayView.swift */ = {isa = PBXFileReference; fileEncoding = 4; lastKnownFileType = sourcecode.swift; path = SubjectDisplayView.swift; sourceTree = "<group>"; };
		93767CA229AB89A7007B2EAD /* ClassesDisplayView.swift */ = {isa = PBXFileReference; fileEncoding = 4; lastKnownFileType = sourcecode.swift; path = ClassesDisplayView.swift; sourceTree = "<group>"; };
		93767CA329AB89A7007B2EAD /* ScheduleDisplayView.swift */ = {isa = PBXFileReference; fileEncoding = 4; lastKnownFileType = sourcecode.swift; path = ScheduleDisplayView.swift; sourceTree = "<group>"; };
		93767CA429AB89A7007B2EAD /* ClassDisplayView.swift */ = {isa = PBXFileReference; fileEncoding = 4; lastKnownFileType = sourcecode.swift; path = ClassDisplayView.swift; sourceTree = "<group>"; };
		93767CA529AB89A7007B2EAD /* ScheduleInformationView.swift */ = {isa = PBXFileReference; fileEncoding = 4; lastKnownFileType = sourcecode.swift; path = ScheduleInformationView.swift; sourceTree = "<group>"; };
		93767CA729AB89A7007B2EAD /* ChangeSubjectView.swift */ = {isa = PBXFileReference; fileEncoding = 4; lastKnownFileType = sourcecode.swift; path = ChangeSubjectView.swift; sourceTree = "<group>"; };
		93767CA829AB89A7007B2EAD /* SubjectSuggestionEditView.swift */ = {isa = PBXFileReference; fileEncoding = 4; lastKnownFileType = sourcecode.swift; path = SubjectSuggestionEditView.swift; sourceTree = "<group>"; };
		93767CA929AB89A7007B2EAD /* ProvideScheduleView.swift */ = {isa = PBXFileReference; fileEncoding = 4; lastKnownFileType = sourcecode.swift; path = ProvideScheduleView.swift; sourceTree = "<group>"; };
		93767CAA29AB89A7007B2EAD /* ScheduleSuggestionView.swift */ = {isa = PBXFileReference; fileEncoding = 4; lastKnownFileType = sourcecode.swift; path = ScheduleSuggestionView.swift; sourceTree = "<group>"; };
		93767CAB29AB89A7007B2EAD /* WeekSubjectsView.swift */ = {isa = PBXFileReference; fileEncoding = 4; lastKnownFileType = sourcecode.swift; path = WeekSubjectsView.swift; sourceTree = "<group>"; };
		93767CAC29AB89A7007B2EAD /* SaveScheduleView.swift */ = {isa = PBXFileReference; fileEncoding = 4; lastKnownFileType = sourcecode.swift; path = SaveScheduleView.swift; sourceTree = "<group>"; };
		93767CB929AB8A1B007B2EAD /* ScheduleView.swift */ = {isa = PBXFileReference; lastKnownFileType = sourcecode.swift; path = ScheduleView.swift; sourceTree = "<group>"; };
		93769335296A842900D94EC3 /* SafariView.swift */ = {isa = PBXFileReference; lastKnownFileType = sourcecode.swift; path = SafariView.swift; sourceTree = "<group>"; };
		93769338296A8B1900D94EC3 /* AnnouncementDetailView+Resize.swift */ = {isa = PBXFileReference; lastKnownFileType = sourcecode.swift; path = "AnnouncementDetailView+Resize.swift"; sourceTree = "<group>"; };
		9376933A296A8B5B00D94EC3 /* AnnouncementDetailView+Render.swift */ = {isa = PBXFileReference; lastKnownFileType = sourcecode.swift; path = "AnnouncementDetailView+Render.swift"; sourceTree = "<group>"; };
		9376933C296A8B9700D94EC3 /* AnnouncementDetailView+Components.swift */ = {isa = PBXFileReference; lastKnownFileType = sourcecode.swift; path = "AnnouncementDetailView+Components.swift"; sourceTree = "<group>"; };
		9376933E296AC7C000D94EC3 /* README.md */ = {isa = PBXFileReference; fileEncoding = 4; lastKnownFileType = net.daringfireball.markdown; path = README.md; sourceTree = "<group>"; };
		937860232964637800FEA668 /* AnnouncementDetailView.swift */ = {isa = PBXFileReference; lastKnownFileType = sourcecode.swift; path = AnnouncementDetailView.swift; sourceTree = "<group>"; };
		937860252964ED5800FEA668 /* EditFilterView.swift */ = {isa = PBXFileReference; lastKnownFileType = sourcecode.swift; path = EditFilterView.swift; sourceTree = "<group>"; };
		937EBBF6296EAFC700722285 /* ShareSheet.swift */ = {isa = PBXFileReference; lastKnownFileType = sourcecode.swift; path = ShareSheet.swift; sourceTree = "<group>"; };
		939558AE29AB87670088B712 /* Chopper */ = {isa = PBXFileReference; lastKnownFileType = wrapper; path = Chopper; sourceTree = "<group>"; };
		93AF704529698B1400BF18F8 /* HTMLString.swift */ = {isa = PBXFileReference; lastKnownFileType = sourcecode.swift; path = HTMLString.swift; sourceTree = "<group>"; };
		93AF704929699C6300BF18F8 /* PostPreviewPlaceholderView.swift */ = {isa = PBXFileReference; lastKnownFileType = sourcecode.swift; path = PostPreviewPlaceholderView.swift; sourceTree = "<group>"; };
		93AF704B2969B10B00BF18F8 /* EditReminderDateView.swift */ = {isa = PBXFileReference; lastKnownFileType = sourcecode.swift; path = EditReminderDateView.swift; sourceTree = "<group>"; };
		93BC631029B75E7200BF4BA3 /* TimeTableProtocol.swift */ = {isa = PBXFileReference; lastKnownFileType = sourcecode.swift; path = TimeTableProtocol.swift; sourceTree = "<group>"; };
		93BC631429B7639B00BF4BA3 /* TimeTableSmall.swift */ = {isa = PBXFileReference; lastKnownFileType = sourcecode.swift; path = TimeTableSmall.swift; sourceTree = "<group>"; };
		93BC631629B763A500BF4BA3 /* TimeTableMedium.swift */ = {isa = PBXFileReference; lastKnownFileType = sourcecode.swift; path = TimeTableMedium.swift; sourceTree = "<group>"; };
		93BC631829B763AB00BF4BA3 /* TimeTableLarge.swift */ = {isa = PBXFileReference; lastKnownFileType = sourcecode.swift; path = TimeTableLarge.swift; sourceTree = "<group>"; };
		93BC632629B775D100BF4BA3 /* Timetable_AnnouncerExtension.entitlements */ = {isa = PBXFileReference; lastKnownFileType = text.plist.entitlements; path = Timetable_AnnouncerExtension.entitlements; sourceTree = "<group>"; };
		93DE7A9029CA7255005433E3 /* ScheduleFAQView.swift */ = {isa = PBXFileReference; lastKnownFileType = sourcecode.swift; path = ScheduleFAQView.swift; sourceTree = "<group>"; };
		93E5302729B8B6CB0026F4BE /* ScheduleQRView.swift */ = {isa = PBXFileReference; lastKnownFileType = sourcecode.swift; path = ScheduleQRView.swift; sourceTree = "<group>"; };
		93E5303029B8D30F0026F4BE /* CodeScanner.swift */ = {isa = PBXFileReference; fileEncoding = 4; lastKnownFileType = sourcecode.swift; path = CodeScanner.swift; sourceTree = "<group>"; };
		93E5303129B8D30F0026F4BE /* ScannerViewController.swift */ = {isa = PBXFileReference; fileEncoding = 4; lastKnownFileType = sourcecode.swift; path = ScannerViewController.swift; sourceTree = "<group>"; };
		93F5CD37299A2F17002C6FA4 /* PostManager */ = {isa = PBXFileReference; lastKnownFileType = wrapper; path = PostManager; sourceTree = "<group>"; };
		D30F136929BCD49E0054C519 /* amplifyconfiguration.json */ = {isa = PBXFileReference; fileEncoding = 4; lastKnownFileType = text.json; path = amplifyconfiguration.json; sourceTree = "<group>"; };
		D30F136B29BCD4B20054C519 /* awsconfiguration.json */ = {isa = PBXFileReference; fileEncoding = 4; lastKnownFileType = text.json; path = awsconfiguration.json; sourceTree = "<group>"; };
		D30F136D29BCD6720054C519 /* message.swift */ = {isa = PBXFileReference; lastKnownFileType = sourcecode.swift; path = message.swift; sourceTree = "<group>"; };
		D3B47C2229BCB85200C1832D /* NotificationService.swift */ = {isa = PBXFileReference; lastKnownFileType = sourcecode.swift; path = NotificationService.swift; sourceTree = "<group>"; };
		D3B47C2329BCB85200C1832D /* push_notifications_handler.swift */ = {isa = PBXFileReference; lastKnownFileType = sourcecode.swift; path = push_notifications_handler.swift; sourceTree = "<group>"; };
		D3B47C2829BCB9A500C1832D /* AnnouncerPushNotif+Schema.swift */ = {isa = PBXFileReference; fileEncoding = 4; lastKnownFileType = sourcecode.swift; name = "AnnouncerPushNotif+Schema.swift"; path = "Announcer/notifications/Amplify/AnnouncerPushNotif+Schema.swift"; sourceTree = SOURCE_ROOT; };
		D3B47C2929BCB9A500C1832D /* AmplifyModels.swift */ = {isa = PBXFileReference; fileEncoding = 4; lastKnownFileType = sourcecode.swift; name = AmplifyModels.swift; path = Announcer/notifications/Amplify/AmplifyModels.swift; sourceTree = SOURCE_ROOT; };
		D3B47C2A29BCB9A500C1832D /* AnnouncerPushNotif.swift */ = {isa = PBXFileReference; fileEncoding = 4; lastKnownFileType = sourcecode.swift; name = AnnouncerPushNotif.swift; path = Announcer/notifications/Amplify/AnnouncerPushNotif.swift; sourceTree = SOURCE_ROOT; };
		D3E64C8129B62E0600B07572 /* Timetable_AnnouncerExtension.appex */ = {isa = PBXFileReference; explicitFileType = "wrapper.app-extension"; includeInIndex = 0; path = Timetable_AnnouncerExtension.appex; sourceTree = BUILT_PRODUCTS_DIR; };
		D3E64C8529B62E0600B07572 /* Timetable_AnnouncerBundle.swift */ = {isa = PBXFileReference; lastKnownFileType = sourcecode.swift; path = Timetable_AnnouncerBundle.swift; sourceTree = "<group>"; };
		D3E64C8729B62E0600B07572 /* Timetable_AnnouncerLiveActivity.swift */ = {isa = PBXFileReference; lastKnownFileType = sourcecode.swift; path = Timetable_AnnouncerLiveActivity.swift; sourceTree = "<group>"; };
		D3E64C8929B62E0600B07572 /* Timetable_Announcer.swift */ = {isa = PBXFileReference; lastKnownFileType = sourcecode.swift; path = Timetable_Announcer.swift; sourceTree = "<group>"; };
		D3E64C8B29B62E0600B07572 /* Timetable_Announcer.intentdefinition */ = {isa = PBXFileReference; lastKnownFileType = file.intentdefinition; path = Timetable_Announcer.intentdefinition; sourceTree = "<group>"; };
		D3E64C8C29B62E0800B07572 /* Assets.xcassets */ = {isa = PBXFileReference; lastKnownFileType = folder.assetcatalog; path = Assets.xcassets; sourceTree = "<group>"; };
		D3E64C8E29B62E0800B07572 /* Info.plist */ = {isa = PBXFileReference; lastKnownFileType = text.plist.xml; path = Info.plist; sourceTree = "<group>"; };
/* End PBXFileReference section */

/* Begin PBXFrameworksBuildPhase section */
		930EA43429645AE1007081C8 /* Frameworks */ = {
			isa = PBXFrameworksBuildPhase;
			buildActionMask = 2147483647;
			files = (
				93DA5F4B29B0DEE500CBB655 /* PostManager in Frameworks */,
				D3B47C3729BCC2B500C1832D /* Amplify in Frameworks */,
				935EAB2C29685987005D2F52 /* FeedKit in Frameworks */,
				D3B47C3129BCC2B500C1832D /* AWSAPIPlugin in Frameworks */,
				D3B47C3329BCC2B500C1832D /* AWSDataStorePlugin in Frameworks */,
				881544BB29691ABF001BAFA4 /* RichText in Frameworks */,
				937EBBF5296EA72000722285 /* OrderedCollections in Frameworks */,
				93767C8A29AB8798007B2EAD /* Chopper in Frameworks */,
				93767CBD29AB8ABB007B2EAD /* Updating in Frameworks */,
				D3B47C3529BCC2B500C1832D /* AWSS3StoragePlugin in Frameworks */,
			);
			runOnlyForDeploymentPostprocessing = 0;
		};
		D3E64C7E29B62E0500B07572 /* Frameworks */ = {
			isa = PBXFrameworksBuildPhase;
			buildActionMask = 2147483647;
			files = (
				93BC632529B7655100BF4BA3 /* Updating in Frameworks */,
				93BC632329B7654100BF4BA3 /* Chopper in Frameworks */,
				D3E64C8329B62E0600B07572 /* SwiftUI.framework in Frameworks */,
				D3E64C8229B62E0600B07572 /* WidgetKit.framework in Frameworks */,
			);
			runOnlyForDeploymentPostprocessing = 0;
		};
/* End PBXFrameworksBuildPhase section */

/* Begin PBXGroup section */
		8829F5A8296AE65E00BA63A8 /* Frameworks */ = {
			isa = PBXGroup;
			children = (
				8829F5A9296AE65E00BA63A8 /* WidgetKit.framework */,
				8829F5AB296AE65E00BA63A8 /* SwiftUI.framework */,
			);
			name = Frameworks;
			sourceTree = "<group>";
		};
		930EA42E29645AE1007081C8 = {
			isa = PBXGroup;
			children = (
				D30F136B29BCD4B20054C519 /* awsconfiguration.json */,
				D30F136929BCD49E0054C519 /* amplifyconfiguration.json */,
				93BC632629B775D100BF4BA3 /* Timetable_AnnouncerExtension.entitlements */,
				939558AE29AB87670088B712 /* Chopper */,
				93F5CD37299A2F17002C6FA4 /* PostManager */,
				9376933E296AC7C000D94EC3 /* README.md */,
				930EA43929645AE1007081C8 /* Announcer */,
				D3E64C8429B62E0600B07572 /* Timetable_Announcer */,
				8829F5A8296AE65E00BA63A8 /* Frameworks */,
				930EA43829645AE1007081C8 /* Products */,
			);
			sourceTree = "<group>";
		};
		930EA43829645AE1007081C8 /* Products */ = {
			isa = PBXGroup;
			children = (
				930EA43729645AE1007081C8 /* Announcer.app */,
				D3E64C8129B62E0600B07572 /* Timetable_AnnouncerExtension.appex */,
			);
			name = Products;
			sourceTree = "<group>";
		};
		930EA43929645AE1007081C8 /* Announcer */ = {
			isa = PBXGroup;
			children = (
				D3B47C2629BCB86000C1832D /* notifications */,
				935EAB3129685EBD005D2F52 /* Info.plist */,
				937860222964626D00FEA668 /* Utils */,
				930EA44C29645CD8007081C8 /* Data */,
				931B2C6A2966C89700BBF397 /* Application */,
				931B2C6E2966C8FF00BBF397 /* UI */,
				930EA43E29645AE2007081C8 /* Assets.xcassets */,
				930EA44029645AE2007081C8 /* Preview Content */,
			);
			path = Announcer;
			sourceTree = "<group>";
		};
		930EA44029645AE2007081C8 /* Preview Content */ = {
			isa = PBXGroup;
			children = (
				930EA44129645AE2007081C8 /* Preview Assets.xcassets */,
			);
			path = "Preview Content";
			sourceTree = "<group>";
		};
		930EA44C29645CD8007081C8 /* Data */ = {
			isa = PBXGroup;
			children = (
				93528DB7296FDE2600651404 /* SettingsManager.swift */,
			);
			path = Data;
			sourceTree = "<group>";
		};
		931B2C6A2966C89700BBF397 /* Application */ = {
			isa = PBXGroup;
			children = (
				930EA43C29645AE1007081C8 /* ContentView.swift */,
			);
			path = Application;
			sourceTree = "<group>";
		};
		931B2C6B2966C8B100BBF397 /* Pages */ = {
			isa = PBXGroup;
			children = (
				93767C8C29AB8942007B2EAD /* Announcements */,
				93767C8B29AB8934007B2EAD /* Schedule */,
				93528DB4296FC94900651404 /* Settings */,
			);
			path = Pages;
			sourceTree = "<group>";
		};
		931B2C6C2966C8E800BBF397 /* Components */ = {
			isa = PBXGroup;
			children = (
				93E5302F29B8D2F50026F4BE /* QR */,
				93767C8D29AB8966007B2EAD /* Schedule */,
				93767C9529AB8966007B2EAD /* LargeListHeader.swift */,
				93436AC92965B4D600AD3148 /* PostPreviewView.swift */,
				93AF704929699C6300BF18F8 /* PostPreviewPlaceholderView.swift */,
				931B2C682966C67700BBF397 /* CategoryScrollView.swift */,
				935EAB3229686B5B005D2F52 /* TimeAndReminder.swift */,
				93127C2629B70DC90091B38B /* LinkPreview.swift */,
			);
			path = Components;
			sourceTree = "<group>";
		};
		931B2C6D2966C8F000BBF397 /* Sheets */ = {
			isa = PBXGroup;
			children = (
				937860252964ED5800FEA668 /* EditFilterView.swift */,
				931B2C662966C46900BBF397 /* EditCategoriesView.swift */,
				93AF704B2969B10B00BF18F8 /* EditReminderDateView.swift */,
				937EBBF6296EAFC700722285 /* ShareSheet.swift */,
			);
			path = Sheets;
			sourceTree = "<group>";
		};
		931B2C6E2966C8FF00BBF397 /* UI */ = {
			isa = PBXGroup;
			children = (
				931B2C6B2966C8B100BBF397 /* Pages */,
				931B2C6D2966C8F000BBF397 /* Sheets */,
				931B2C6C2966C8E800BBF397 /* Components */,
			);
			path = UI;
			sourceTree = "<group>";
		};
		93528DB4296FC94900651404 /* Settings */ = {
			isa = PBXGroup;
			children = (
				93528DB2296FC23200651404 /* Settings.swift */,
				93528DB5296FC95B00651404 /* ClearStorageView.swift */,
				93276E17297A991F00B710AB /* CachePostsView.swift */,
			);
			path = Settings;
			sourceTree = "<group>";
		};
		93767C8B29AB8934007B2EAD /* Schedule */ = {
			isa = PBXGroup;
			children = (
				93767CB929AB8A1B007B2EAD /* ScheduleView.swift */,
				93DE7A9029CA7255005433E3 /* ScheduleFAQView.swift */,
				93767CA629AB89A7007B2EAD /* Adding */,
				93767C9E29AB89A7007B2EAD /* Displaying */,
			);
			path = Schedule;
			sourceTree = "<group>";
		};
		93767C8C29AB8942007B2EAD /* Announcements */ = {
			isa = PBXGroup;
			children = (
				93769337296A8B0800D94EC3 /* AnnouncementDetailView */,
				930EA44829645BF4007081C8 /* AnnouncementsHomeView.swift */,
				93769335296A842900D94EC3 /* SafariView.swift */,
			);
			path = Announcements;
			sourceTree = "<group>";
		};
		93767C8D29AB8966007B2EAD /* Schedule */ = {
			isa = PBXGroup;
			children = (
				93767C9D29AB897D007B2EAD /* List */,
				93767C9229AB8966007B2EAD /* Visualiser */,
				93767C8E29AB8966007B2EAD /* NavigationSheet.swift */,
				93767C9029AB8966007B2EAD /* ImagePicker.swift */,
				9372FD7829AEF13200B85918 /* DayPickerView.swift */,
			);
			path = Schedule;
			sourceTree = "<group>";
		};
		93767C9229AB8966007B2EAD /* Visualiser */ = {
			isa = PBXGroup;
			children = (
				93767C9329AB8966007B2EAD /* ScheduleVisualiserView.swift */,
				93767C9429AB8966007B2EAD /* SubjectVisualiserView.swift */,
			);
			path = Visualiser;
			sourceTree = "<group>";
		};
		93767C9D29AB897D007B2EAD /* List */ = {
			isa = PBXGroup;
			children = (
				93767C8F29AB8966007B2EAD /* ListTextField.swift */,
				93767C9129AB8966007B2EAD /* ListText.swift */,
			);
			path = List;
			sourceTree = "<group>";
		};
		93767C9E29AB89A7007B2EAD /* Displaying */ = {
			isa = PBXGroup;
			children = (
				93767CA029AB89A7007B2EAD /* DisplayViews */,
				93767C9F29AB89A7007B2EAD /* OtherSubjectInstancesView.swift */,
				93767CA529AB89A7007B2EAD /* ScheduleInformationView.swift */,
				9348BE8B29BFE95A00E96571 /* SwitchScheduleView.swift */,
				93E5302729B8B6CB0026F4BE /* ScheduleQRView.swift */,
			);
			path = Displaying;
			sourceTree = "<group>";
		};
		93767CA029AB89A7007B2EAD /* DisplayViews */ = {
			isa = PBXGroup;
			children = (
				93767CA129AB89A7007B2EAD /* SubjectDisplayView.swift */,
				93767CA229AB89A7007B2EAD /* ClassesDisplayView.swift */,
				93767CA329AB89A7007B2EAD /* ScheduleDisplayView.swift */,
				93767CA429AB89A7007B2EAD /* ClassDisplayView.swift */,
			);
			path = DisplayViews;
			sourceTree = "<group>";
		};
		93767CA629AB89A7007B2EAD /* Adding */ = {
			isa = PBXGroup;
			children = (
				93767CA929AB89A7007B2EAD /* ProvideScheduleView.swift */,
				93393FB129C974BE0018B1AE /* ScheduleConfirmationView.swift */,
				93767CAA29AB89A7007B2EAD /* ScheduleSuggestionView.swift */,
				93767CAB29AB89A7007B2EAD /* WeekSubjectsView.swift */,
				93767CA829AB89A7007B2EAD /* SubjectSuggestionEditView.swift */,
				93767CA729AB89A7007B2EAD /* ChangeSubjectView.swift */,
				93767CAC29AB89A7007B2EAD /* SaveScheduleView.swift */,
			);
			path = Adding;
			sourceTree = "<group>";
		};
		93769337296A8B0800D94EC3 /* AnnouncementDetailView */ = {
			isa = PBXGroup;
			children = (
				937860232964637800FEA668 /* AnnouncementDetailView.swift */,
				93769338296A8B1900D94EC3 /* AnnouncementDetailView+Resize.swift */,
				9376933A296A8B5B00D94EC3 /* AnnouncementDetailView+Render.swift */,
				9376933C296A8B9700D94EC3 /* AnnouncementDetailView+Components.swift */,
			);
			path = AnnouncementDetailView;
			sourceTree = "<group>";
		};
		937860222964626D00FEA668 /* Utils */ = {
			isa = PBXGroup;
			children = (
				93AF704529698B1400BF18F8 /* HTMLString.swift */,
			);
			path = Utils;
			sourceTree = "<group>";
		};
		93BC631229B7630B00BF4BA3 /* UI */ = {
			isa = PBXGroup;
			children = (
				93BC631029B75E7200BF4BA3 /* TimeTableProtocol.swift */,
				93BC631429B7639B00BF4BA3 /* TimeTableSmall.swift */,
				93BC631629B763A500BF4BA3 /* TimeTableMedium.swift */,
				93BC631829B763AB00BF4BA3 /* TimeTableLarge.swift */,
			);
			path = UI;
			sourceTree = "<group>";
		};
		93BC631329B7631800BF4BA3 /* Bundle */ = {
			isa = PBXGroup;
			children = (
				D3E64C8529B62E0600B07572 /* Timetable_AnnouncerBundle.swift */,
				D3E64C8729B62E0600B07572 /* Timetable_AnnouncerLiveActivity.swift */,
				D3E64C8929B62E0600B07572 /* Timetable_Announcer.swift */,
				D3E64C8B29B62E0600B07572 /* Timetable_Announcer.intentdefinition */,
				D3E64C8C29B62E0800B07572 /* Assets.xcassets */,
			);
			path = Bundle;
			sourceTree = "<group>";
		};
		93E5302F29B8D2F50026F4BE /* QR */ = {
			isa = PBXGroup;
			children = (
				93E5303029B8D30F0026F4BE /* CodeScanner.swift */,
				93E5303129B8D30F0026F4BE /* ScannerViewController.swift */,
			);
			path = QR;
			sourceTree = "<group>";
		};
		D3B47C2629BCB86000C1832D /* notifications */ = {
			isa = PBXGroup;
			children = (
				D3B47C2E29BCB9AC00C1832D /* Amplify */,
				D3B47C2329BCB85200C1832D /* push_notifications_handler.swift */,
				D3B47C2229BCB85200C1832D /* NotificationService.swift */,
				D30F136D29BCD6720054C519 /* message.swift */,
			);
			path = notifications;
			sourceTree = "<group>";
		};
		D3B47C2E29BCB9AC00C1832D /* Amplify */ = {
			isa = PBXGroup;
			children = (
				D3B47C2929BCB9A500C1832D /* AmplifyModels.swift */,
				D3B47C2A29BCB9A500C1832D /* AnnouncerPushNotif.swift */,
				D3B47C2829BCB9A500C1832D /* AnnouncerPushNotif+Schema.swift */,
			);
			path = Amplify;
			sourceTree = "<group>";
		};
		D3E64C8429B62E0600B07572 /* Timetable_Announcer */ = {
			isa = PBXGroup;
			children = (
				93BC631229B7630B00BF4BA3 /* UI */,
				93BC631329B7631800BF4BA3 /* Bundle */,
				D3E64C8E29B62E0800B07572 /* Info.plist */,
			);
			path = Timetable_Announcer;
			sourceTree = "<group>";
		};
/* End PBXGroup section */

/* Begin PBXNativeTarget section */
		930EA43629645AE1007081C8 /* Announcer */ = {
			isa = PBXNativeTarget;
			buildConfigurationList = 930EA44529645AE2007081C8 /* Build configuration list for PBXNativeTarget "Announcer" */;
			buildPhases = (
				93786014296461FE00FEA668 /* Run SwiftLint */,
				930EA43329645AE1007081C8 /* Sources */,
				930EA43429645AE1007081C8 /* Frameworks */,
				930EA43529645AE1007081C8 /* Resources */,
				8829F5BD296AE66100BA63A8 /* Embed Foundation Extensions */,
			);
			buildRules = (
			);
			dependencies = (
				D3E64C9229B62E0800B07572 /* PBXTargetDependency */,
			);
			name = Announcer;
			packageProductDependencies = (
				935EAB2B29685987005D2F52 /* FeedKit */,
				881544BA29691ABF001BAFA4 /* RichText */,
				937EBBF4296EA72000722285 /* OrderedCollections */,
				93767C8929AB8798007B2EAD /* Chopper */,
				93767CBC29AB8ABB007B2EAD /* Updating */,
				93DA5F4A29B0DEE500CBB655 /* PostManager */,
				D3B47C3029BCC2B500C1832D /* AWSAPIPlugin */,
				D3B47C3229BCC2B500C1832D /* AWSDataStorePlugin */,
				D3B47C3429BCC2B500C1832D /* AWSS3StoragePlugin */,
				D3B47C3629BCC2B500C1832D /* Amplify */,
			);
			productName = Announcer;
			productReference = 930EA43729645AE1007081C8 /* Announcer.app */;
			productType = "com.apple.product-type.application";
		};
		D3E64C8029B62E0500B07572 /* Timetable_AnnouncerExtension */ = {
			isa = PBXNativeTarget;
			buildConfigurationList = D3E64C9429B62E0800B07572 /* Build configuration list for PBXNativeTarget "Timetable_AnnouncerExtension" */;
			buildPhases = (
				D3E64C7D29B62E0500B07572 /* Sources */,
				D3E64C7E29B62E0500B07572 /* Frameworks */,
				D3E64C7F29B62E0500B07572 /* Resources */,
			);
			buildRules = (
			);
			dependencies = (
			);
			name = Timetable_AnnouncerExtension;
			packageProductDependencies = (
				93BC632229B7654100BF4BA3 /* Chopper */,
				93BC632429B7655100BF4BA3 /* Updating */,
			);
			productName = Timetable_AnnouncerExtension;
			productReference = D3E64C8129B62E0600B07572 /* Timetable_AnnouncerExtension.appex */;
			productType = "com.apple.product-type.app-extension";
		};
/* End PBXNativeTarget section */

/* Begin PBXProject section */
		930EA42F29645AE1007081C8 /* Project object */ = {
			isa = PBXProject;
			attributes = {
				BuildIndependentTargetsInParallel = 1;
				LastSwiftUpdateCheck = 1420;
				LastUpgradeCheck = 1410;
				TargetAttributes = {
					930EA43629645AE1007081C8 = {
						CreatedOnToolsVersion = 14.1;
					};
					D3E64C8029B62E0500B07572 = {
						CreatedOnToolsVersion = 14.2;
					};
				};
			};
			buildConfigurationList = 930EA43229645AE1007081C8 /* Build configuration list for PBXProject "Announcer" */;
			compatibilityVersion = "Xcode 14.0";
			developmentRegion = en;
			hasScannedForEncodings = 0;
			knownRegions = (
				en,
				Base,
			);
			mainGroup = 930EA42E29645AE1007081C8;
			packageReferences = (
				935EAB2A29685987005D2F52 /* XCRemoteSwiftPackageReference "FeedKit" */,
				881544B929691ABF001BAFA4 /* XCRemoteSwiftPackageReference "RichText" */,
				937EBBF3296EA72000722285 /* XCRemoteSwiftPackageReference "swift-collections" */,
				93767CBB29AB8ABB007B2EAD /* XCRemoteSwiftPackageReference "UpdatedSwiftUI" */,
				D3B47C2F29BCC2B500C1832D /* XCRemoteSwiftPackageReference "amplify-swift" */,
			);
			productRefGroup = 930EA43829645AE1007081C8 /* Products */;
			projectDirPath = "";
			projectRoot = "";
			targets = (
				930EA43629645AE1007081C8 /* Announcer */,
				D3E64C8029B62E0500B07572 /* Timetable_AnnouncerExtension */,
			);
		};
/* End PBXProject section */

/* Begin PBXResourcesBuildPhase section */
		930EA43529645AE1007081C8 /* Resources */ = {
			isa = PBXResourcesBuildPhase;
			buildActionMask = 2147483647;
			files = (
				D30F136C29BCD4B20054C519 /* awsconfiguration.json in Resources */,
				930EA44229645AE2007081C8 /* Preview Assets.xcassets in Resources */,
				9376933F296AC7C000D94EC3 /* README.md in Resources */,
				930EA43F29645AE2007081C8 /* Assets.xcassets in Resources */,
				D30F136A29BCD49E0054C519 /* amplifyconfiguration.json in Resources */,
			);
			runOnlyForDeploymentPostprocessing = 0;
		};
		D3E64C7F29B62E0500B07572 /* Resources */ = {
			isa = PBXResourcesBuildPhase;
			buildActionMask = 2147483647;
			files = (
				D3E64C8D29B62E0800B07572 /* Assets.xcassets in Resources */,
			);
			runOnlyForDeploymentPostprocessing = 0;
		};
/* End PBXResourcesBuildPhase section */

/* Begin PBXShellScriptBuildPhase section */
		93786014296461FE00FEA668 /* Run SwiftLint */ = {
			isa = PBXShellScriptBuildPhase;
			alwaysOutOfDate = 1;
			buildActionMask = 2147483647;
			files = (
			);
			inputFileListPaths = (
			);
			inputPaths = (
			);
			name = "Run SwiftLint";
			outputFileListPaths = (
			);
			outputPaths = (
			);
			runOnlyForDeploymentPostprocessing = 0;
			shellPath = /bin/sh;
			shellScript = "#export PATH=\"$PATH:/opt/homebrew/bin\"\n#if which swiftlint >/dev/null; then\n#  git status --porcelain | grep -v '^ \\?D' | cut -c 4- | sed 's/.* -> //' | tr -d '\"' | while read file \n#  do\n#    if [[ \"$file\" == *.swift ]]; then\n#      swiftlint \"$file\" --strict\n#    fi\n#  done\n#else\n#  echo \"warning: SwiftLint not installed, download from https://github.com/realm/SwiftLint\"\n#  fi\n";
		};
/* End PBXShellScriptBuildPhase section */

/* Begin PBXSourcesBuildPhase section */
		930EA43329645AE1007081C8 /* Sources */ = {
			isa = PBXSourcesBuildPhase;
			buildActionMask = 2147483647;
			files = (
				D3B47C2729BCB87C00C1832D /* README.md in Sources */,
				93528DB6296FC95B00651404 /* ClearStorageView.swift in Sources */,
				93BC631E29B7650C00BF4BA3 /* TimeTableProtocol.swift in Sources */,
				937860242964637800FEA668 /* AnnouncementDetailView.swift in Sources */,
				93767C9829AB8966007B2EAD /* ImagePicker.swift in Sources */,
				930EA44929645BF4007081C8 /* AnnouncementsHomeView.swift in Sources */,
				93767C9B29AB8966007B2EAD /* SubjectVisualiserView.swift in Sources */,
				93767CAD29AB89A7007B2EAD /* OtherSubjectInstancesView.swift in Sources */,
				93767C9729AB8966007B2EAD /* ListTextField.swift in Sources */,
				930EA43D29645AE1007081C8 /* ContentView.swift in Sources */,
				93769336296A842900D94EC3 /* SafariView.swift in Sources */,
				D3B47C2B29BCB9A500C1832D /* AnnouncerPushNotif+Schema.swift in Sources */,
				93393FB229C974BE0018B1AE /* ScheduleConfirmationView.swift in Sources */,
				93769339296A8B1900D94EC3 /* AnnouncementDetailView+Resize.swift in Sources */,
				93767CB429AB89A7007B2EAD /* SubjectSuggestionEditView.swift in Sources */,
				93767C9A29AB8966007B2EAD /* ScheduleVisualiserView.swift in Sources */,
				93767C9629AB8966007B2EAD /* NavigationSheet.swift in Sources */,
				931B2C692966C67700BBF397 /* CategoryScrollView.swift in Sources */,
				9348BE8C29BFE95A00E96571 /* SwitchScheduleView.swift in Sources */,
				D30F136E29BCD6720054C519 /* message.swift in Sources */,
				93DE7A9129CA7255005433E3 /* ScheduleFAQView.swift in Sources */,
				93E5303229B8D30F0026F4BE /* CodeScanner.swift in Sources */,
				937EBBF7296EAFC700722285 /* ShareSheet.swift in Sources */,
				93767CB329AB89A7007B2EAD /* ChangeSubjectView.swift in Sources */,
				D3B47C2D29BCB9A500C1832D /* AnnouncerPushNotif.swift in Sources */,
				93BC632129B7651500BF4BA3 /* TimeTableLarge.swift in Sources */,
				9372FD7929AEF13200B85918 /* DayPickerView.swift in Sources */,
				93767CBA29AB8A1B007B2EAD /* ScheduleView.swift in Sources */,
				93AF704629698B1400BF18F8 /* HTMLString.swift in Sources */,
				935EAB3329686B5B005D2F52 /* TimeAndReminder.swift in Sources */,
				93BC632029B7651200BF4BA3 /* TimeTableSmall.swift in Sources */,
				D3E64C9029B62E0800B07572 /* Timetable_Announcer.intentdefinition in Sources */,
				93767CAF29AB89A7007B2EAD /* ClassesDisplayView.swift in Sources */,
				93E5302829B8B6CB0026F4BE /* ScheduleQRView.swift in Sources */,
				D3B47C2529BCB85200C1832D /* push_notifications_handler.swift in Sources */,
				D3B47C2429BCB85200C1832D /* NotificationService.swift in Sources */,
				93767CAE29AB89A7007B2EAD /* SubjectDisplayView.swift in Sources */,
				93767CB629AB89A7007B2EAD /* ScheduleSuggestionView.swift in Sources */,
				93767C9C29AB8966007B2EAD /* LargeListHeader.swift in Sources */,
				93767CB529AB89A7007B2EAD /* ProvideScheduleView.swift in Sources */,
				93AF704C2969B10B00BF18F8 /* EditReminderDateView.swift in Sources */,
				9376933D296A8B9700D94EC3 /* AnnouncementDetailView+Components.swift in Sources */,
				93767CB029AB89A7007B2EAD /* ScheduleDisplayView.swift in Sources */,
				93436ACA2965B4D600AD3148 /* PostPreviewView.swift in Sources */,
				93767C9929AB8966007B2EAD /* ListText.swift in Sources */,
				D3B47C2C29BCB9A500C1832D /* AmplifyModels.swift in Sources */,
				931B2C672966C46900BBF397 /* EditCategoriesView.swift in Sources */,
				93127C2729B70DC90091B38B /* LinkPreview.swift in Sources */,
				937860262964ED5800FEA668 /* EditFilterView.swift in Sources */,
				93E5303329B8D30F0026F4BE /* ScannerViewController.swift in Sources */,
				93AF704A29699C6300BF18F8 /* PostPreviewPlaceholderView.swift in Sources */,
				93528DB3296FC23200651404 /* Settings.swift in Sources */,
				93BC631F29B7650F00BF4BA3 /* TimeTableMedium.swift in Sources */,
				9376933B296A8B5B00D94EC3 /* AnnouncementDetailView+Render.swift in Sources */,
				93767CB729AB89A7007B2EAD /* WeekSubjectsView.swift in Sources */,
				93528DB8296FDE2600651404 /* SettingsManager.swift in Sources */,
				93767CB229AB89A7007B2EAD /* ScheduleInformationView.swift in Sources */,
				93767CB129AB89A7007B2EAD /* ClassDisplayView.swift in Sources */,
				93767CB829AB89A7007B2EAD /* SaveScheduleView.swift in Sources */,
				93276E18297A991F00B710AB /* CachePostsView.swift in Sources */,
			);
			runOnlyForDeploymentPostprocessing = 0;
		};
		D3E64C7D29B62E0500B07572 /* Sources */ = {
			isa = PBXSourcesBuildPhase;
			buildActionMask = 2147483647;
			files = (
				D3E64C8F29B62E0800B07572 /* Timetable_Announcer.intentdefinition in Sources */,
				93BC631D29B764F900BF4BA3 /* TimeTableLarge.swift in Sources */,
				93BC631A29B764EC00BF4BA3 /* TimeTableProtocol.swift in Sources */,
				D3E64C8829B62E0600B07572 /* Timetable_AnnouncerLiveActivity.swift in Sources */,
				D3E64C8629B62E0600B07572 /* Timetable_AnnouncerBundle.swift in Sources */,
				D3E64C8A29B62E0600B07572 /* Timetable_Announcer.swift in Sources */,
				93BC631B29B764F200BF4BA3 /* TimeTableSmall.swift in Sources */,
				93BC631C29B764F500BF4BA3 /* TimeTableMedium.swift in Sources */,
			);
			runOnlyForDeploymentPostprocessing = 0;
		};
/* End PBXSourcesBuildPhase section */

/* Begin PBXTargetDependency section */
		D3E64C9229B62E0800B07572 /* PBXTargetDependency */ = {
			isa = PBXTargetDependency;
			target = D3E64C8029B62E0500B07572 /* Timetable_AnnouncerExtension */;
			targetProxy = D3E64C9129B62E0800B07572 /* PBXContainerItemProxy */;
		};
/* End PBXTargetDependency section */

/* Begin XCBuildConfiguration section */
		930EA44329645AE2007081C8 /* Debug */ = {
			isa = XCBuildConfiguration;
			buildSettings = {
				ALWAYS_SEARCH_USER_PATHS = NO;
				CLANG_ANALYZER_NONNULL = YES;
				CLANG_ANALYZER_NUMBER_OBJECT_CONVERSION = YES_AGGRESSIVE;
				CLANG_CXX_LANGUAGE_STANDARD = "gnu++20";
				CLANG_ENABLE_MODULES = YES;
				CLANG_ENABLE_OBJC_ARC = YES;
				CLANG_ENABLE_OBJC_WEAK = YES;
				CLANG_WARN_BLOCK_CAPTURE_AUTORELEASING = YES;
				CLANG_WARN_BOOL_CONVERSION = YES;
				CLANG_WARN_COMMA = YES;
				CLANG_WARN_CONSTANT_CONVERSION = YES;
				CLANG_WARN_DEPRECATED_OBJC_IMPLEMENTATIONS = YES;
				CLANG_WARN_DIRECT_OBJC_ISA_USAGE = YES_ERROR;
				CLANG_WARN_DOCUMENTATION_COMMENTS = YES;
				CLANG_WARN_EMPTY_BODY = YES;
				CLANG_WARN_ENUM_CONVERSION = YES;
				CLANG_WARN_INFINITE_RECURSION = YES;
				CLANG_WARN_INT_CONVERSION = YES;
				CLANG_WARN_NON_LITERAL_NULL_CONVERSION = YES;
				CLANG_WARN_OBJC_IMPLICIT_RETAIN_SELF = YES;
				CLANG_WARN_OBJC_LITERAL_CONVERSION = YES;
				CLANG_WARN_OBJC_ROOT_CLASS = YES_ERROR;
				CLANG_WARN_QUOTED_INCLUDE_IN_FRAMEWORK_HEADER = YES;
				CLANG_WARN_RANGE_LOOP_ANALYSIS = YES;
				CLANG_WARN_STRICT_PROTOTYPES = YES;
				CLANG_WARN_SUSPICIOUS_MOVE = YES;
				CLANG_WARN_UNGUARDED_AVAILABILITY = YES_AGGRESSIVE;
				CLANG_WARN_UNREACHABLE_CODE = YES;
				CLANG_WARN__DUPLICATE_METHOD_MATCH = YES;
				COPY_PHASE_STRIP = NO;
				DEBUG_INFORMATION_FORMAT = dwarf;
				ENABLE_STRICT_OBJC_MSGSEND = YES;
				ENABLE_TESTABILITY = YES;
				GCC_C_LANGUAGE_STANDARD = gnu11;
				GCC_DYNAMIC_NO_PIC = NO;
				GCC_NO_COMMON_BLOCKS = YES;
				GCC_OPTIMIZATION_LEVEL = 0;
				GCC_PREPROCESSOR_DEFINITIONS = (
					"DEBUG=1",
					"$(inherited)",
				);
				GCC_WARN_64_TO_32_BIT_CONVERSION = YES;
				GCC_WARN_ABOUT_RETURN_TYPE = YES_ERROR;
				GCC_WARN_UNDECLARED_SELECTOR = YES;
				GCC_WARN_UNINITIALIZED_AUTOS = YES_AGGRESSIVE;
				GCC_WARN_UNUSED_FUNCTION = YES;
				GCC_WARN_UNUSED_VARIABLE = YES;
				INFOPLIST_KEY_NSCameraUsageDescription = "";
				IPHONEOS_DEPLOYMENT_TARGET = 16.1;
				MTL_ENABLE_DEBUG_INFO = INCLUDE_SOURCE;
				MTL_FAST_MATH = YES;
				ONLY_ACTIVE_ARCH = YES;
				SDKROOT = iphoneos;
				SWIFT_ACTIVE_COMPILATION_CONDITIONS = DEBUG;
				SWIFT_OPTIMIZATION_LEVEL = "-Onone";
			};
			name = Debug;
		};
		930EA44429645AE2007081C8 /* Release */ = {
			isa = XCBuildConfiguration;
			buildSettings = {
				ALWAYS_SEARCH_USER_PATHS = NO;
				CLANG_ANALYZER_NONNULL = YES;
				CLANG_ANALYZER_NUMBER_OBJECT_CONVERSION = YES_AGGRESSIVE;
				CLANG_CXX_LANGUAGE_STANDARD = "gnu++20";
				CLANG_ENABLE_MODULES = YES;
				CLANG_ENABLE_OBJC_ARC = YES;
				CLANG_ENABLE_OBJC_WEAK = YES;
				CLANG_WARN_BLOCK_CAPTURE_AUTORELEASING = YES;
				CLANG_WARN_BOOL_CONVERSION = YES;
				CLANG_WARN_COMMA = YES;
				CLANG_WARN_CONSTANT_CONVERSION = YES;
				CLANG_WARN_DEPRECATED_OBJC_IMPLEMENTATIONS = YES;
				CLANG_WARN_DIRECT_OBJC_ISA_USAGE = YES_ERROR;
				CLANG_WARN_DOCUMENTATION_COMMENTS = YES;
				CLANG_WARN_EMPTY_BODY = YES;
				CLANG_WARN_ENUM_CONVERSION = YES;
				CLANG_WARN_INFINITE_RECURSION = YES;
				CLANG_WARN_INT_CONVERSION = YES;
				CLANG_WARN_NON_LITERAL_NULL_CONVERSION = YES;
				CLANG_WARN_OBJC_IMPLICIT_RETAIN_SELF = YES;
				CLANG_WARN_OBJC_LITERAL_CONVERSION = YES;
				CLANG_WARN_OBJC_ROOT_CLASS = YES_ERROR;
				CLANG_WARN_QUOTED_INCLUDE_IN_FRAMEWORK_HEADER = YES;
				CLANG_WARN_RANGE_LOOP_ANALYSIS = YES;
				CLANG_WARN_STRICT_PROTOTYPES = YES;
				CLANG_WARN_SUSPICIOUS_MOVE = YES;
				CLANG_WARN_UNGUARDED_AVAILABILITY = YES_AGGRESSIVE;
				CLANG_WARN_UNREACHABLE_CODE = YES;
				CLANG_WARN__DUPLICATE_METHOD_MATCH = YES;
				COPY_PHASE_STRIP = NO;
				DEBUG_INFORMATION_FORMAT = "dwarf-with-dsym";
				ENABLE_NS_ASSERTIONS = NO;
				ENABLE_STRICT_OBJC_MSGSEND = YES;
				GCC_C_LANGUAGE_STANDARD = gnu11;
				GCC_NO_COMMON_BLOCKS = YES;
				GCC_WARN_64_TO_32_BIT_CONVERSION = YES;
				GCC_WARN_ABOUT_RETURN_TYPE = YES_ERROR;
				GCC_WARN_UNDECLARED_SELECTOR = YES;
				GCC_WARN_UNINITIALIZED_AUTOS = YES_AGGRESSIVE;
				GCC_WARN_UNUSED_FUNCTION = YES;
				GCC_WARN_UNUSED_VARIABLE = YES;
				INFOPLIST_KEY_NSCameraUsageDescription = "";
				IPHONEOS_DEPLOYMENT_TARGET = 16.1;
				MTL_ENABLE_DEBUG_INFO = NO;
				MTL_FAST_MATH = YES;
				SDKROOT = iphoneos;
				SWIFT_COMPILATION_MODE = wholemodule;
				SWIFT_OPTIMIZATION_LEVEL = "-O";
				VALIDATE_PRODUCT = YES;
			};
			name = Release;
		};
		930EA44629645AE2007081C8 /* Debug */ = {
			isa = XCBuildConfiguration;
			buildSettings = {
				ALWAYS_EMBED_SWIFT_STANDARD_LIBRARIES = YES;
				ASSETCATALOG_COMPILER_APPICON_NAME = AppIcon;
				ASSETCATALOG_COMPILER_GLOBAL_ACCENT_COLOR_NAME = AccentColor;
				CODE_SIGN_ENTITLEMENTS = Announcer/Announcer.entitlements;
				CODE_SIGN_IDENTITY = "Apple Development";
				CODE_SIGN_STYLE = Automatic;
				CURRENT_PROJECT_VERSION = 1;
				DEVELOPMENT_ASSET_PATHS = "\"Announcer/Preview Content\"";
				DEVELOPMENT_TEAM = Z88Z98GRZQ;
				ENABLE_PREVIEWS = YES;
				GENERATE_INFOPLIST_FILE = YES;
				INFOPLIST_FILE = Announcer/Info.plist;
				INFOPLIST_KEY_CFBundleDisplayName = "SST Announcer";
				INFOPLIST_KEY_LSApplicationCategoryType = "public.app-category.utilities";
				INFOPLIST_KEY_NSCameraUsageDescription = "Used to scan schedule QR codes";
				INFOPLIST_KEY_UIApplicationSceneManifest_Generation = YES;
				INFOPLIST_KEY_UIApplicationSupportsIndirectInputEvents = YES;
				INFOPLIST_KEY_UILaunchScreen_Generation = YES;
				INFOPLIST_KEY_UILaunchStoryboardName = LaunchScreen;
				INFOPLIST_KEY_UIRequiredDeviceCapabilities = armv7;
				INFOPLIST_KEY_UISupportedInterfaceOrientations = "UIInterfaceOrientationPortrait UIInterfaceOrientationLandscapeLeft UIInterfaceOrientationLandscapeRight";
				INFOPLIST_KEY_UISupportedInterfaceOrientations_iPad = "UIInterfaceOrientationPortrait UIInterfaceOrientationPortraitUpsideDown UIInterfaceOrientationLandscapeLeft UIInterfaceOrientationLandscapeRight";
				INFOPLIST_KEY_UISupportedInterfaceOrientations_iPhone = "UIInterfaceOrientationPortrait UIInterfaceOrientationLandscapeLeft UIInterfaceOrientationLandscapeRight";
				IPHONEOS_DEPLOYMENT_TARGET = 15.0;
				LD_RUNPATH_SEARCH_PATHS = (
					"$(inherited)",
					"@executable_path/Frameworks",
				);
				MARKETING_VERSION = 1.0;
				OTHER_SWIFT_FLAGS = "-Xfrontend -warn-long-expression-type-checking=80 -Xfrontend -warn-long-function-bodies=80";
				PRODUCT_BUNDLE_IDENTIFIER = com.kaithebuilder.Announcer;
				PRODUCT_NAME = "$(TARGET_NAME)";
				PROVISIONING_PROFILE_SPECIFIER = "";
				SWIFT_EMIT_LOC_STRINGS = YES;
				SWIFT_VERSION = 5.0;
				TARGETED_DEVICE_FAMILY = "1,2";
			};
			name = Debug;
		};
		930EA44729645AE2007081C8 /* Release */ = {
			isa = XCBuildConfiguration;
			buildSettings = {
				ALWAYS_EMBED_SWIFT_STANDARD_LIBRARIES = YES;
				ASSETCATALOG_COMPILER_APPICON_NAME = AppIcon;
				ASSETCATALOG_COMPILER_GLOBAL_ACCENT_COLOR_NAME = AccentColor;
				CODE_SIGN_ENTITLEMENTS = Announcer/Announcer.entitlements;
				CODE_SIGN_IDENTITY = "Apple Development";
				CODE_SIGN_STYLE = Automatic;
				CURRENT_PROJECT_VERSION = 1;
				DEVELOPMENT_ASSET_PATHS = "\"Announcer/Preview Content\"";
				DEVELOPMENT_TEAM = Z88Z98GRZQ;
				ENABLE_PREVIEWS = NO;
				GENERATE_INFOPLIST_FILE = YES;
				INFOPLIST_FILE = Announcer/Info.plist;
				INFOPLIST_KEY_CFBundleDisplayName = "SST Announcer";
				INFOPLIST_KEY_LSApplicationCategoryType = "public.app-category.utilities";
				INFOPLIST_KEY_NSCameraUsageDescription = "Used to scan schedule QR codes";
				INFOPLIST_KEY_UIApplicationSceneManifest_Generation = YES;
				INFOPLIST_KEY_UIApplicationSupportsIndirectInputEvents = YES;
				INFOPLIST_KEY_UILaunchScreen_Generation = YES;
				INFOPLIST_KEY_UILaunchStoryboardName = LaunchScreen;
				INFOPLIST_KEY_UIRequiredDeviceCapabilities = armv7;
				INFOPLIST_KEY_UISupportedInterfaceOrientations = "UIInterfaceOrientationPortrait UIInterfaceOrientationLandscapeLeft UIInterfaceOrientationLandscapeRight";
				INFOPLIST_KEY_UISupportedInterfaceOrientations_iPad = "UIInterfaceOrientationPortrait UIInterfaceOrientationPortraitUpsideDown UIInterfaceOrientationLandscapeLeft UIInterfaceOrientationLandscapeRight";
				INFOPLIST_KEY_UISupportedInterfaceOrientations_iPhone = "UIInterfaceOrientationPortrait UIInterfaceOrientationLandscapeLeft UIInterfaceOrientationLandscapeRight";
				IPHONEOS_DEPLOYMENT_TARGET = 15.0;
				LD_RUNPATH_SEARCH_PATHS = (
					"$(inherited)",
					"@executable_path/Frameworks",
				);
				MARKETING_VERSION = 1.0;
				PRODUCT_BUNDLE_IDENTIFIER = com.kaithebuilder.Announcer;
				PRODUCT_NAME = "$(TARGET_NAME)";
				PROVISIONING_PROFILE_SPECIFIER = "";
				SWIFT_EMIT_LOC_STRINGS = YES;
				SWIFT_VERSION = 5.0;
				TARGETED_DEVICE_FAMILY = "1,2";
			};
			name = Release;
		};
		D3E64C9529B62E0800B07572 /* Debug */ = {
			isa = XCBuildConfiguration;
			buildSettings = {
				ASSETCATALOG_COMPILER_GLOBAL_ACCENT_COLOR_NAME = AccentColor;
				ASSETCATALOG_COMPILER_WIDGET_BACKGROUND_COLOR_NAME = WidgetBackground;
				CODE_SIGN_ENTITLEMENTS = Timetable_AnnouncerExtension.entitlements;
				CODE_SIGN_IDENTITY = "Apple Development";
				CODE_SIGN_STYLE = Automatic;
				CURRENT_PROJECT_VERSION = 1;
				DEVELOPMENT_TEAM = Z88Z98GRZQ;
				GENERATE_INFOPLIST_FILE = YES;
				INFOPLIST_FILE = Timetable_Announcer/Info.plist;
				INFOPLIST_KEY_CFBundleDisplayName = Timetable_Announcer;
				INFOPLIST_KEY_NSCameraUsageDescription = "";
				INFOPLIST_KEY_NSHumanReadableCopyright = "";
				IPHONEOS_DEPLOYMENT_TARGET = 16.2;
				LD_RUNPATH_SEARCH_PATHS = (
					"$(inherited)",
					"@executable_path/Frameworks",
					"@executable_path/../../Frameworks",
				);
				MARKETING_VERSION = 1.0;
				PRODUCT_BUNDLE_IDENTIFIER = "com.kaithebuilder.Announcer.Timetable-Announcer";
				PRODUCT_NAME = "$(TARGET_NAME)";
				SKIP_INSTALL = YES;
				SWIFT_EMIT_LOC_STRINGS = YES;
				SWIFT_VERSION = 5.0;
				TARGETED_DEVICE_FAMILY = "1,2";
			};
			name = Debug;
		};
		D3E64C9629B62E0800B07572 /* Release */ = {
			isa = XCBuildConfiguration;
			buildSettings = {
				ASSETCATALOG_COMPILER_GLOBAL_ACCENT_COLOR_NAME = AccentColor;
				ASSETCATALOG_COMPILER_WIDGET_BACKGROUND_COLOR_NAME = WidgetBackground;
				CODE_SIGN_ENTITLEMENTS = Timetable_AnnouncerExtension.entitlements;
				CODE_SIGN_IDENTITY = "Apple Development";
				CODE_SIGN_STYLE = Automatic;
				CURRENT_PROJECT_VERSION = 1;
				DEVELOPMENT_TEAM = Z88Z98GRZQ;
				GENERATE_INFOPLIST_FILE = YES;
				INFOPLIST_FILE = Timetable_Announcer/Info.plist;
				INFOPLIST_KEY_CFBundleDisplayName = Timetable_Announcer;
				INFOPLIST_KEY_NSCameraUsageDescription = "";
				INFOPLIST_KEY_NSHumanReadableCopyright = "";
				IPHONEOS_DEPLOYMENT_TARGET = 16.2;
				LD_RUNPATH_SEARCH_PATHS = (
					"$(inherited)",
					"@executable_path/Frameworks",
					"@executable_path/../../Frameworks",
				);
				MARKETING_VERSION = 1.0;
				PRODUCT_BUNDLE_IDENTIFIER = "com.kaithebuilder.Announcer.Timetable-Announcer";
				PRODUCT_NAME = "$(TARGET_NAME)";
				SKIP_INSTALL = YES;
				SWIFT_EMIT_LOC_STRINGS = YES;
				SWIFT_VERSION = 5.0;
				TARGETED_DEVICE_FAMILY = "1,2";
			};
			name = Release;
		};
/* End XCBuildConfiguration section */

/* Begin XCConfigurationList section */
		930EA43229645AE1007081C8 /* Build configuration list for PBXProject "Announcer" */ = {
			isa = XCConfigurationList;
			buildConfigurations = (
				930EA44329645AE2007081C8 /* Debug */,
				930EA44429645AE2007081C8 /* Release */,
			);
			defaultConfigurationIsVisible = 0;
			defaultConfigurationName = Release;
		};
		930EA44529645AE2007081C8 /* Build configuration list for PBXNativeTarget "Announcer" */ = {
			isa = XCConfigurationList;
			buildConfigurations = (
				930EA44629645AE2007081C8 /* Debug */,
				930EA44729645AE2007081C8 /* Release */,
			);
			defaultConfigurationIsVisible = 0;
			defaultConfigurationName = Release;
		};
		D3E64C9429B62E0800B07572 /* Build configuration list for PBXNativeTarget "Timetable_AnnouncerExtension" */ = {
			isa = XCConfigurationList;
			buildConfigurations = (
				D3E64C9529B62E0800B07572 /* Debug */,
				D3E64C9629B62E0800B07572 /* Release */,
			);
			defaultConfigurationIsVisible = 0;
			defaultConfigurationName = Release;
		};
/* End XCConfigurationList section */

/* Begin XCRemoteSwiftPackageReference section */
		881544B929691ABF001BAFA4 /* XCRemoteSwiftPackageReference "RichText" */ = {
			isa = XCRemoteSwiftPackageReference;
			repositoryURL = "https://github.com/NuPlay/RichText.git";
			requirement = {
				branch = main;
				kind = branch;
			};
		};
		935EAB2A29685987005D2F52 /* XCRemoteSwiftPackageReference "FeedKit" */ = {
			isa = XCRemoteSwiftPackageReference;
			repositoryURL = "https://github.com/nmdias/FeedKit.git";
			requirement = {
				kind = upToNextMajorVersion;
				minimumVersion = 9.0.0;
			};
		};
		93767CBB29AB8ABB007B2EAD /* XCRemoteSwiftPackageReference "UpdatedSwiftUI" */ = {
			isa = XCRemoteSwiftPackageReference;
			repositoryURL = "https://github.com/KaiTheRedNinja/UpdatedSwiftUI";
			requirement = {
				branch = main;
				kind = branch;
			};
		};
		937EBBF3296EA72000722285 /* XCRemoteSwiftPackageReference "swift-collections" */ = {
			isa = XCRemoteSwiftPackageReference;
			repositoryURL = "https://github.com/apple/swift-collections.git";
			requirement = {
				kind = upToNextMajorVersion;
				minimumVersion = 1.0.0;
			};
		};
		D3B47C2F29BCC2B500C1832D /* XCRemoteSwiftPackageReference "amplify-swift" */ = {
			isa = XCRemoteSwiftPackageReference;
			repositoryURL = "https://github.com/aws-amplify/amplify-swift.git";
			requirement = {
				branch = main;
				kind = branch;
			};
		};
/* End XCRemoteSwiftPackageReference section */

/* Begin XCSwiftPackageProductDependency section */
		881544BA29691ABF001BAFA4 /* RichText */ = {
			isa = XCSwiftPackageProductDependency;
			package = 881544B929691ABF001BAFA4 /* XCRemoteSwiftPackageReference "RichText" */;
			productName = RichText;
		};
		935EAB2B29685987005D2F52 /* FeedKit */ = {
			isa = XCSwiftPackageProductDependency;
			package = 935EAB2A29685987005D2F52 /* XCRemoteSwiftPackageReference "FeedKit" */;
			productName = FeedKit;
		};
		93767C8929AB8798007B2EAD /* Chopper */ = {
			isa = XCSwiftPackageProductDependency;
			productName = Chopper;
		};
		93767CBC29AB8ABB007B2EAD /* Updating */ = {
			isa = XCSwiftPackageProductDependency;
			package = 93767CBB29AB8ABB007B2EAD /* XCRemoteSwiftPackageReference "UpdatedSwiftUI" */;
			productName = Updating;
		};
		937EBBF4296EA72000722285 /* OrderedCollections */ = {
			isa = XCSwiftPackageProductDependency;
			package = 937EBBF3296EA72000722285 /* XCRemoteSwiftPackageReference "swift-collections" */;
			productName = OrderedCollections;
		};
		93BC632229B7654100BF4BA3 /* Chopper */ = {
			isa = XCSwiftPackageProductDependency;
			productName = Chopper;
		};
		93BC632429B7655100BF4BA3 /* Updating */ = {
			isa = XCSwiftPackageProductDependency;
			package = 93767CBB29AB8ABB007B2EAD /* XCRemoteSwiftPackageReference "UpdatedSwiftUI" */;
			productName = Updating;
		};
		93DA5F4A29B0DEE500CBB655 /* PostManager */ = {
			isa = XCSwiftPackageProductDependency;
			productName = PostManager;
		};
		D3B47C3029BCC2B500C1832D /* AWSAPIPlugin */ = {
			isa = XCSwiftPackageProductDependency;
			package = D3B47C2F29BCC2B500C1832D /* XCRemoteSwiftPackageReference "amplify-swift" */;
			productName = AWSAPIPlugin;
		};
		D3B47C3229BCC2B500C1832D /* AWSDataStorePlugin */ = {
			isa = XCSwiftPackageProductDependency;
			package = D3B47C2F29BCC2B500C1832D /* XCRemoteSwiftPackageReference "amplify-swift" */;
			productName = AWSDataStorePlugin;
		};
		D3B47C3429BCC2B500C1832D /* AWSS3StoragePlugin */ = {
			isa = XCSwiftPackageProductDependency;
			package = D3B47C2F29BCC2B500C1832D /* XCRemoteSwiftPackageReference "amplify-swift" */;
			productName = AWSS3StoragePlugin;
		};
		D3B47C3629BCC2B500C1832D /* Amplify */ = {
			isa = XCSwiftPackageProductDependency;
			package = D3B47C2F29BCC2B500C1832D /* XCRemoteSwiftPackageReference "amplify-swift" */;
			productName = Amplify;
		};
/* End XCSwiftPackageProductDependency section */
	};
	rootObject = 930EA42F29645AE1007081C8 /* Project object */;
}
